Microsoft Visual Studio Solution File, Format Version 7.00
Project("{8BC9CEB8-8B4A-11D0-8D11-00A0C91BC942}") = "mdsshr", "mdsshr\mdsshr.vcproj", "{D5CFEB70-0478-48EB-97B6-44BCC3EE19BA}"
EndProject
Project("{8BC9CEB8-8B4A-11D0-8D11-00A0C91BC942}") = "tdishr", "tdishr\tdishr.vcproj", "{2A17EA39-3217-4F9B-A794-4B3C80B40744}"
EndProject
Project("{8BC9CEB8-8B4A-11D0-8D11-00A0C91BC942}") = "cdushr", "cdu\cdushr.vcproj", "{99297CBC-AE50-4919-8C21-68BB221574A7}"
EndProject
Project("{8BC9CEB8-8B4A-11D0-8D11-00A0C91BC942}") = "cdu", "cdu\cdu.vcproj", "{3AE1491D-58BC-4B89-A691-17D7792A12F6}"
EndProject
Project("{8BC9CEB8-8B4A-11D0-8D11-00A0C91BC942}") = "icons", "icons\icons.vcproj", "{6A93AC97-2387-4E6A-AC15-88AF49486024}"
EndProject
Project("{8BC9CEB8-8B4A-11D0-8D11-00A0C91BC942}") = "math", "math\math.vcproj", "{61C6DDA9-EB30-45DF-A585-2E53CBF08FA5}"
EndProject
Project("{8BC9CEB8-8B4A-11D0-8D11-00A0C91BC942}") = "mdsdcl", "mdsdcl\mdsdcl.vcproj", "{1840D777-4616-44AB-92EA-482CE23AE0C4}"
EndProject
Project("{8BC9CEB8-8B4A-11D0-8D11-00A0C91BC942}") = "treeshr", "treeshr\treeshr.vcproj", "{5A4F3EDD-D5B9-4C41-BBA9-DFEFE6AA92CE}"
EndProject
Project("{8BC9CEB8-8B4A-11D0-8D11-00A0C91BC942}") = "mdsip", "mdstcpip\mdsip.vcproj", "{7DF59EF2-4243-4758-9490-DAC5E8A7413D}"
EndProject
Project("{8BC9CEB8-8B4A-11D0-8D11-00A0C91BC942}") = "mdsipshr", "mdstcpip\mdsipshr.vcproj", "{CE9251F0-88C2-4DC4-B5BB-34A945DAF72F}"
EndProject
Project("{8BC9CEB8-8B4A-11D0-8D11-00A0C91BC942}") = "mdsip_service", "mdstcpip\mdsip_service.vcproj", "{8D93B629-E718-4D28-B4CC-6AE70396C239}"
EndProject
Project("{8BC9CEB8-8B4A-11D0-8D11-00A0C91BC942}") = "tcl_commands", "tcl\tcl_commands.vcproj", "{E6FD307D-6271-4AFC-A251-176486DDBB1A}"
EndProject
Project("{8BC9CEB8-8B4A-11D0-8D11-00A0C91BC942}") = "tditest", "tditest\tditest.vcproj", "{8DB32398-14AC-41A0-B494-E7A9EF54EC29}"
EndProject
Project("{8BC9CEB8-8B4A-11D0-8D11-00A0C91BC942}") = "wfevent", "wfevent\wfevent.vcproj", "{95946597-D0C9-43AF-BBD6-106312A7AFCB}"
EndProject
Project("{8BC9CEB8-8B4A-11D0-8D11-00A0C91BC942}") = "tdishrext", "tdic\tdishrext.vcproj", "{FD411E48-971E-4A50-9D05-F2797B661D50}"
EndProject
Project("{8BC9CEB8-8B4A-11D0-8D11-00A0C91BC942}") = "setevent", "setevent\setevent.vcproj", "{9D75C144-2E46-45D4-880B-220778D895E3}"
EndProject
Project("{8BC9CEB8-8B4A-11D0-8D11-00A0C91BC942}") = "servershr", "servershr\servershr.vcproj", "{DD4ADEDA-0E7B-4F3F-B07B-CB356848260F}"
EndProject
Project("{8BC9CEB8-8B4A-11D0-8D11-00A0C91BC942}") = "remcam", "remcam\remcam.vcproj", "{EA017097-8627-4C35-9D8B-253A96797248}"
EndProject
Project("{8BC9CEB8-8B4A-11D0-8D11-00A0C91BC942}") = "mdssql", "mdssql\mdssql.vcproj", "{34579291-BE7E-4509-BED6-CF66604AFA53}"
EndProject
Project("{8BC9CEB8-8B4A-11D0-8D11-00A0C91BC942}") = "mdslibidl", "mdslibidl\mdslibidl.vcproj", "{922E3532-B1ED-4E8C-A479-FDF92E538511}"
EndProject
Project("{8BC9CEB8-8B4A-11D0-8D11-00A0C91BC942}") = "mdslib", "mdslib\mdslib.vcproj", "{E3CB4692-1896-4B3A-9DAE-243A92BE54E4}"
EndProject
Project("{8BC9CEB8-8B4A-11D0-8D11-00A0C91BC942}") = "mdslib_client", "mdslib\mdslib_client.vcproj", "{CA150538-191A-4ACA-BB03-10D19447E4EA}"
EndProject
Project("{8BC9CEB8-8B4A-11D0-8D11-00A0C91BC942}") = "javatraverser", "javatraverser\javatraverser.vcproj", "{5A9BCCFC-3A2D-422C-8A61-CA80C2E3BAA6}"
EndProject
Project("{8BC9CEB8-8B4A-11D0-8D11-00A0C91BC942}") = "jWebTree", "javatraverser\jWebTree.vcproj", "{085451E8-B770-45BF-8E91-051CE984ED2E}"
EndProject
Project("{8BC9CEB8-8B4A-11D0-8D11-00A0C91BC942}") = "javascope", "javascope\javascope.vcproj", "{AC9DEDE9-579F-414E-9BA9-39D519B58F76}"
EndProject
Project("{8BC9CEB8-8B4A-11D0-8D11-00A0C91BC942}") = "WaveDisplay", "javascope\WaveDisplay.vcproj", "{18515822-B059-46F4-BA47-2A2DE97F07EE}"
EndProject
Project("{8BC9CEB8-8B4A-11D0-8D11-00A0C91BC942}") = "javadispatcher", "javadispatcher\javadispatcher.vcproj", "{9E84A1A9-DED1-4AD8-A654-A60249DFEEAE}"
EndProject
Project("{8BC9CEB8-8B4A-11D0-8D11-00A0C91BC942}") = "mdsdclshr", "mdsdcl\mdsdclshr.vcproj", "{BC012B9F-D0A0-45C2-BBD3-AEDF8FC849AE}"
EndProject
Project("{8BC9CEB8-8B4A-11D0-8D11-00A0C91BC942}") = "idlmdsevent", "idlmdsevent\idlmdsevent.vcproj", "{F0BA4B34-0A1C-4619-B371-B63885711FF5}"
EndProject
Project("{8BC9CEB8-8B4A-11D0-8D11-00A0C91BC942}") = "idlsql", "idlsql\idlsql.vcproj", "{44D2A307-38B4-45F9-BE7F-9800B4D099B3}"
EndProject
Project("{8BC9CEB8-8B4A-11D0-8D11-00A0C91BC942}") = "javamds", "javamds\javamds.vcproj", "{4CC77AA4-5CB1-43A6-AF31-99569E542CB6}"
EndProject
Project("{8BC9CEB8-8B4A-11D0-8D11-00A0C91BC942}") = "matlab", "matlab\matlab.vcproj", "{D677645B-0E98-4F7F-AEA1-5B703CDF0718}"
EndProject
Project("{8BC9CEB8-8B4A-11D0-8D11-00A0C91BC942}") = "mdsiptest", "mdstcpip\mdsiptest.vcproj", "{223A4FFC-7DDC-457F-A2AC-427E12C2B38E}"
EndProject
Project("{8BC9CEB8-8B4A-11D0-8D11-00A0C91BC942}") = "mdsjet", "mdsjet\mdsjet.vcproj", "{FDE8A5B4-F1A9-4338-BF3B-DA5C5BBB1C8E}"
EndProject
Project("{54435603-DBB4-11D2-8724-00A0C9A8B90C}") = "Setup", "Setup\Setup.vdproj", "{3FD67B1E-972C-4C3D-A839-176CDE6F2E11}"
EndProject
Global
	GlobalSection(SolutionConfiguration) = preSolution
		ConfigName.0 = Debug
		ConfigName.1 = Release
	EndGlobalSection
	GlobalSection(ProjectDependencies) = postSolution
		{2A17EA39-3217-4F9B-A794-4B3C80B40744}.0 = {D5CFEB70-0478-48EB-97B6-44BCC3EE19BA}
		{2A17EA39-3217-4F9B-A794-4B3C80B40744}.1 = {5A4F3EDD-D5B9-4C41-BBA9-DFEFE6AA92CE}
		{99297CBC-AE50-4919-8C21-68BB221574A7}.0 = {D5CFEB70-0478-48EB-97B6-44BCC3EE19BA}
		{3AE1491D-58BC-4B89-A691-17D7792A12F6}.0 = {99297CBC-AE50-4919-8C21-68BB221574A7}
		{61C6DDA9-EB30-45DF-A585-2E53CBF08FA5}.0 = {D5CFEB70-0478-48EB-97B6-44BCC3EE19BA}
		{1840D777-4616-44AB-92EA-482CE23AE0C4}.0 = {BC012B9F-D0A0-45C2-BBD3-AEDF8FC849AE}
		{1840D777-4616-44AB-92EA-482CE23AE0C4}.1 = {99297CBC-AE50-4919-8C21-68BB221574A7}
		{1840D777-4616-44AB-92EA-482CE23AE0C4}.2 = {D5CFEB70-0478-48EB-97B6-44BCC3EE19BA}
		{5A4F3EDD-D5B9-4C41-BBA9-DFEFE6AA92CE}.0 = {D5CFEB70-0478-48EB-97B6-44BCC3EE19BA}
		{7DF59EF2-4243-4758-9490-DAC5E8A7413D}.0 = {5A4F3EDD-D5B9-4C41-BBA9-DFEFE6AA92CE}
		{7DF59EF2-4243-4758-9490-DAC5E8A7413D}.1 = {2A17EA39-3217-4F9B-A794-4B3C80B40744}
		{7DF59EF2-4243-4758-9490-DAC5E8A7413D}.2 = {D5CFEB70-0478-48EB-97B6-44BCC3EE19BA}
		{7DF59EF2-4243-4758-9490-DAC5E8A7413D}.3 = {CE9251F0-88C2-4DC4-B5BB-34A945DAF72F}
		{8D93B629-E718-4D28-B4CC-6AE70396C239}.0 = {CE9251F0-88C2-4DC4-B5BB-34A945DAF72F}
		{8D93B629-E718-4D28-B4CC-6AE70396C239}.1 = {D5CFEB70-0478-48EB-97B6-44BCC3EE19BA}
		{8D93B629-E718-4D28-B4CC-6AE70396C239}.2 = {2A17EA39-3217-4F9B-A794-4B3C80B40744}
		{8D93B629-E718-4D28-B4CC-6AE70396C239}.3 = {5A4F3EDD-D5B9-4C41-BBA9-DFEFE6AA92CE}
		{E6FD307D-6271-4AFC-A251-176486DDBB1A}.0 = {D5CFEB70-0478-48EB-97B6-44BCC3EE19BA}
		{E6FD307D-6271-4AFC-A251-176486DDBB1A}.1 = {3AE1491D-58BC-4B89-A691-17D7792A12F6}
		{E6FD307D-6271-4AFC-A251-176486DDBB1A}.2 = {DD4ADEDA-0E7B-4F3F-B07B-CB356848260F}
		{E6FD307D-6271-4AFC-A251-176486DDBB1A}.3 = {2A17EA39-3217-4F9B-A794-4B3C80B40744}
		{E6FD307D-6271-4AFC-A251-176486DDBB1A}.4 = {5A4F3EDD-D5B9-4C41-BBA9-DFEFE6AA92CE}
		{E6FD307D-6271-4AFC-A251-176486DDBB1A}.5 = {99297CBC-AE50-4919-8C21-68BB221574A7}
		{E6FD307D-6271-4AFC-A251-176486DDBB1A}.6 = {BC012B9F-D0A0-45C2-BBD3-AEDF8FC849AE}
		{8DB32398-14AC-41A0-B494-E7A9EF54EC29}.0 = {5A4F3EDD-D5B9-4C41-BBA9-DFEFE6AA92CE}
		{8DB32398-14AC-41A0-B494-E7A9EF54EC29}.1 = {2A17EA39-3217-4F9B-A794-4B3C80B40744}
		{8DB32398-14AC-41A0-B494-E7A9EF54EC29}.2 = {D5CFEB70-0478-48EB-97B6-44BCC3EE19BA}
		{95946597-D0C9-43AF-BBD6-106312A7AFCB}.0 = {D5CFEB70-0478-48EB-97B6-44BCC3EE19BA}
		{FD411E48-971E-4A50-9D05-F2797B661D50}.0 = {D5CFEB70-0478-48EB-97B6-44BCC3EE19BA}
		{FD411E48-971E-4A50-9D05-F2797B661D50}.1 = {CE9251F0-88C2-4DC4-B5BB-34A945DAF72F}
		{FD411E48-971E-4A50-9D05-F2797B661D50}.2 = {5A4F3EDD-D5B9-4C41-BBA9-DFEFE6AA92CE}
		{FD411E48-971E-4A50-9D05-F2797B661D50}.3 = {2A17EA39-3217-4F9B-A794-4B3C80B40744}
		{9D75C144-2E46-45D4-880B-220778D895E3}.0 = {D5CFEB70-0478-48EB-97B6-44BCC3EE19BA}
		{DD4ADEDA-0E7B-4F3F-B07B-CB356848260F}.0 = {2A17EA39-3217-4F9B-A794-4B3C80B40744}
		{DD4ADEDA-0E7B-4F3F-B07B-CB356848260F}.1 = {BC012B9F-D0A0-45C2-BBD3-AEDF8FC849AE}
		{DD4ADEDA-0E7B-4F3F-B07B-CB356848260F}.2 = {D5CFEB70-0478-48EB-97B6-44BCC3EE19BA}
		{DD4ADEDA-0E7B-4F3F-B07B-CB356848260F}.3 = {CE9251F0-88C2-4DC4-B5BB-34A945DAF72F}
		{DD4ADEDA-0E7B-4F3F-B07B-CB356848260F}.4 = {5A4F3EDD-D5B9-4C41-BBA9-DFEFE6AA92CE}
		{EA017097-8627-4C35-9D8B-253A96797248}.0 = {99297CBC-AE50-4919-8C21-68BB221574A7}
		{EA017097-8627-4C35-9D8B-253A96797248}.1 = {3AE1491D-58BC-4B89-A691-17D7792A12F6}
		{EA017097-8627-4C35-9D8B-253A96797248}.2 = {CE9251F0-88C2-4DC4-B5BB-34A945DAF72F}
		{922E3532-B1ED-4E8C-A479-FDF92E538511}.0 = {5A4F3EDD-D5B9-4C41-BBA9-DFEFE6AA92CE}
		{922E3532-B1ED-4E8C-A479-FDF92E538511}.1 = {2A17EA39-3217-4F9B-A794-4B3C80B40744}
		{922E3532-B1ED-4E8C-A479-FDF92E538511}.2 = {D5CFEB70-0478-48EB-97B6-44BCC3EE19BA}
		{E3CB4692-1896-4B3A-9DAE-243A92BE54E4}.0 = {5A4F3EDD-D5B9-4C41-BBA9-DFEFE6AA92CE}
		{E3CB4692-1896-4B3A-9DAE-243A92BE54E4}.1 = {CE9251F0-88C2-4DC4-B5BB-34A945DAF72F}
		{E3CB4692-1896-4B3A-9DAE-243A92BE54E4}.2 = {D5CFEB70-0478-48EB-97B6-44BCC3EE19BA}
		{E3CB4692-1896-4B3A-9DAE-243A92BE54E4}.3 = {2A17EA39-3217-4F9B-A794-4B3C80B40744}
		{9E84A1A9-DED1-4AD8-A654-A60249DFEEAE}.0 = {5A9BCCFC-3A2D-422C-8A61-CA80C2E3BAA6}
		{BC012B9F-D0A0-45C2-BBD3-AEDF8FC849AE}.0 = {D5CFEB70-0478-48EB-97B6-44BCC3EE19BA}
		{BC012B9F-D0A0-45C2-BBD3-AEDF8FC849AE}.1 = {3AE1491D-58BC-4B89-A691-17D7792A12F6}
		{BC012B9F-D0A0-45C2-BBD3-AEDF8FC849AE}.2 = {99297CBC-AE50-4919-8C21-68BB221574A7}
		{F0BA4B34-0A1C-4619-B371-B63885711FF5}.0 = {CE9251F0-88C2-4DC4-B5BB-34A945DAF72F}
		{F0BA4B34-0A1C-4619-B371-B63885711FF5}.1 = {D5CFEB70-0478-48EB-97B6-44BCC3EE19BA}
		{D677645B-0E98-4F7F-AEA1-5B703CDF0718}.0 = {CE9251F0-88C2-4DC4-B5BB-34A945DAF72F}
		{223A4FFC-7DDC-457F-A2AC-427E12C2B38E}.0 = {CE9251F0-88C2-4DC4-B5BB-34A945DAF72F}
		{3FD67B1E-972C-4C3D-A839-176CDE6F2E11}.0 = {6A93AC97-2387-4E6A-AC15-88AF49486024}
		{3FD67B1E-972C-4C3D-A839-176CDE6F2E11}.1 = {61C6DDA9-EB30-45DF-A585-2E53CBF08FA5}
		{3FD67B1E-972C-4C3D-A839-176CDE6F2E11}.2 = {7DF59EF2-4243-4758-9490-DAC5E8A7413D}
		{3FD67B1E-972C-4C3D-A839-176CDE6F2E11}.3 = {223A4FFC-7DDC-457F-A2AC-427E12C2B38E}
		{3FD67B1E-972C-4C3D-A839-176CDE6F2E11}.4 = {D677645B-0E98-4F7F-AEA1-5B703CDF0718}
		{3FD67B1E-972C-4C3D-A839-176CDE6F2E11}.5 = {5A4F3EDD-D5B9-4C41-BBA9-DFEFE6AA92CE}
		{3FD67B1E-972C-4C3D-A839-176CDE6F2E11}.6 = {4CC77AA4-5CB1-43A6-AF31-99569E542CB6}
		{3FD67B1E-972C-4C3D-A839-176CDE6F2E11}.7 = {8D93B629-E718-4D28-B4CC-6AE70396C239}
		{3FD67B1E-972C-4C3D-A839-176CDE6F2E11}.8 = {FDE8A5B4-F1A9-4338-BF3B-DA5C5BBB1C8E}
		{3FD67B1E-972C-4C3D-A839-176CDE6F2E11}.9 = {99297CBC-AE50-4919-8C21-68BB221574A7}
		{3FD67B1E-972C-4C3D-A839-176CDE6F2E11}.10 = {95946597-D0C9-43AF-BBD6-106312A7AFCB}
		{3FD67B1E-972C-4C3D-A839-176CDE6F2E11}.11 = {3AE1491D-58BC-4B89-A691-17D7792A12F6}
		{3FD67B1E-972C-4C3D-A839-176CDE6F2E11}.12 = {E3CB4692-1896-4B3A-9DAE-243A92BE54E4}
		{3FD67B1E-972C-4C3D-A839-176CDE6F2E11}.13 = {34579291-BE7E-4509-BED6-CF66604AFA53}
		{3FD67B1E-972C-4C3D-A839-176CDE6F2E11}.14 = {CE9251F0-88C2-4DC4-B5BB-34A945DAF72F}
		{3FD67B1E-972C-4C3D-A839-176CDE6F2E11}.15 = {2A17EA39-3217-4F9B-A794-4B3C80B40744}
		{3FD67B1E-972C-4C3D-A839-176CDE6F2E11}.16 = {922E3532-B1ED-4E8C-A479-FDF92E538511}
		{3FD67B1E-972C-4C3D-A839-176CDE6F2E11}.17 = {CA150538-191A-4ACA-BB03-10D19447E4EA}
		{3FD67B1E-972C-4C3D-A839-176CDE6F2E11}.18 = {085451E8-B770-45BF-8E91-051CE984ED2E}
		{3FD67B1E-972C-4C3D-A839-176CDE6F2E11}.19 = {FD411E48-971E-4A50-9D05-F2797B661D50}
		{3FD67B1E-972C-4C3D-A839-176CDE6F2E11}.20 = {E6FD307D-6271-4AFC-A251-176486DDBB1A}
		{3FD67B1E-972C-4C3D-A839-176CDE6F2E11}.21 = {18515822-B059-46F4-BA47-2A2DE97F07EE}
		{3FD67B1E-972C-4C3D-A839-176CDE6F2E11}.22 = {5A9BCCFC-3A2D-422C-8A61-CA80C2E3BAA6}
		{3FD67B1E-972C-4C3D-A839-176CDE6F2E11}.23 = {8DB32398-14AC-41A0-B494-E7A9EF54EC29}
		{3FD67B1E-972C-4C3D-A839-176CDE6F2E11}.24 = {5A4F3EDD-D5B9-4C41-BBA9-DFEFE6AA92CE}
		{3FD67B1E-972C-4C3D-A839-176CDE6F2E11}.25 = {D5CFEB70-0478-48EB-97B6-44BCC3EE19BA}
		{3FD67B1E-972C-4C3D-A839-176CDE6F2E11}.26 = {9D75C144-2E46-45D4-880B-220778D895E3}
		{3FD67B1E-972C-4C3D-A839-176CDE6F2E11}.27 = {1840D777-4616-44AB-92EA-482CE23AE0C4}
		{3FD67B1E-972C-4C3D-A839-176CDE6F2E11}.28 = {DD4ADEDA-0E7B-4F3F-B07B-CB356848260F}
		{3FD67B1E-972C-4C3D-A839-176CDE6F2E11}.29 = {9E84A1A9-DED1-4AD8-A654-A60249DFEEAE}
		{3FD67B1E-972C-4C3D-A839-176CDE6F2E11}.30 = {EA017097-8627-4C35-9D8B-253A96797248}
		{3FD67B1E-972C-4C3D-A839-176CDE6F2E11}.31 = {BC012B9F-D0A0-45C2-BBD3-AEDF8FC849AE}
		{3FD67B1E-972C-4C3D-A839-176CDE6F2E11}.32 = {44D2A307-38B4-45F9-BE7F-9800B4D099B3}
		{3FD67B1E-972C-4C3D-A839-176CDE6F2E11}.33 = {F0BA4B34-0A1C-4619-B371-B63885711FF5}
		{3FD67B1E-972C-4C3D-A839-176CDE6F2E11}.34 = {AC9DEDE9-579F-414E-9BA9-39D519B58F76}
		{3FD67B1E-972C-4C3D-A839-176CDE6F2E11}.35 = {6A93AC97-2387-4E6A-AC15-88AF49486024}
		{3FD67B1E-972C-4C3D-A839-176CDE6F2E11}.36 = {61C6DDA9-EB30-45DF-A585-2E53CBF08FA5}
		{3FD67B1E-972C-4C3D-A839-176CDE6F2E11}.37 = {7DF59EF2-4243-4758-9490-DAC5E8A7413D}
		{3FD67B1E-972C-4C3D-A839-176CDE6F2E11}.38 = {223A4FFC-7DDC-457F-A2AC-427E12C2B38E}
		{3FD67B1E-972C-4C3D-A839-176CDE6F2E11}.39 = {D677645B-0E98-4F7F-AEA1-5B703CDF0718}
		{3FD67B1E-972C-4C3D-A839-176CDE6F2E11}.40 = {5A4F3EDD-D5B9-4C41-BBA9-DFEFE6AA92CE}
		{3FD67B1E-972C-4C3D-A839-176CDE6F2E11}.41 = {4CC77AA4-5CB1-43A6-AF31-99569E542CB6}
		{3FD67B1E-972C-4C3D-A839-176CDE6F2E11}.42 = {8D93B629-E718-4D28-B4CC-6AE70396C239}
		{3FD67B1E-972C-4C3D-A839-176CDE6F2E11}.43 = {FDE8A5B4-F1A9-4338-BF3B-DA5C5BBB1C8E}
		{3FD67B1E-972C-4C3D-A839-176CDE6F2E11}.44 = {99297CBC-AE50-4919-8C21-68BB221574A7}
		{3FD67B1E-972C-4C3D-A839-176CDE6F2E11}.45 = {95946597-D0C9-43AF-BBD6-106312A7AFCB}
		{3FD67B1E-972C-4C3D-A839-176CDE6F2E11}.46 = {3AE1491D-58BC-4B89-A691-17D7792A12F6}
		{3FD67B1E-972C-4C3D-A839-176CDE6F2E11}.47 = {E3CB4692-1896-4B3A-9DAE-243A92BE54E4}
		{3FD67B1E-972C-4C3D-A839-176CDE6F2E11}.48 = {34579291-BE7E-4509-BED6-CF66604AFA53}
		{3FD67B1E-972C-4C3D-A839-176CDE6F2E11}.49 = {CE9251F0-88C2-4DC4-B5BB-34A945DAF72F}
		{3FD67B1E-972C-4C3D-A839-176CDE6F2E11}.50 = {2A17EA39-3217-4F9B-A794-4B3C80B40744}
		{3FD67B1E-972C-4C3D-A839-176CDE6F2E11}.51 = {922E3532-B1ED-4E8C-A479-FDF92E538511}
		{3FD67B1E-972C-4C3D-A839-176CDE6F2E11}.52 = {CA150538-191A-4ACA-BB03-10D19447E4EA}
		{3FD67B1E-972C-4C3D-A839-176CDE6F2E11}.53 = {085451E8-B770-45BF-8E91-051CE984ED2E}
		{3FD67B1E-972C-4C3D-A839-176CDE6F2E11}.54 = {FD411E48-971E-4A50-9D05-F2797B661D50}
		{3FD67B1E-972C-4C3D-A839-176CDE6F2E11}.55 = {E6FD307D-6271-4AFC-A251-176486DDBB1A}
		{3FD67B1E-972C-4C3D-A839-176CDE6F2E11}.56 = {18515822-B059-46F4-BA47-2A2DE97F07EE}
		{3FD67B1E-972C-4C3D-A839-176CDE6F2E11}.57 = {5A9BCCFC-3A2D-422C-8A61-CA80C2E3BAA6}
		{3FD67B1E-972C-4C3D-A839-176CDE6F2E11}.58 = {8DB32398-14AC-41A0-B494-E7A9EF54EC29}
		{3FD67B1E-972C-4C3D-A839-176CDE6F2E11}.59 = {5A4F3EDD-D5B9-4C41-BBA9-DFEFE6AA92CE}
		{3FD67B1E-972C-4C3D-A839-176CDE6F2E11}.60 = {D5CFEB70-0478-48EB-97B6-44BCC3EE19BA}
		{3FD67B1E-972C-4C3D-A839-176CDE6F2E11}.61 = {9D75C144-2E46-45D4-880B-220778D895E3}
		{3FD67B1E-972C-4C3D-A839-176CDE6F2E11}.62 = {1840D777-4616-44AB-92EA-482CE23AE0C4}
		{3FD67B1E-972C-4C3D-A839-176CDE6F2E11}.63 = {DD4ADEDA-0E7B-4F3F-B07B-CB356848260F}
		{3FD67B1E-972C-4C3D-A839-176CDE6F2E11}.64 = {9E84A1A9-DED1-4AD8-A654-A60249DFEEAE}
		{3FD67B1E-972C-4C3D-A839-176CDE6F2E11}.65 = {EA017097-8627-4C35-9D8B-253A96797248}
		{3FD67B1E-972C-4C3D-A839-176CDE6F2E11}.66 = {BC012B9F-D0A0-45C2-BBD3-AEDF8FC849AE}
		{3FD67B1E-972C-4C3D-A839-176CDE6F2E11}.67 = {44D2A307-38B4-45F9-BE7F-9800B4D099B3}
		{3FD67B1E-972C-4C3D-A839-176CDE6F2E11}.68 = {F0BA4B34-0A1C-4619-B371-B63885711FF5}
		{3FD67B1E-972C-4C3D-A839-176CDE6F2E11}.69 = {AC9DEDE9-579F-414E-9BA9-39D519B58F76}
		{3FD67B1E-972C-4C3D-A839-176CDE6F2E11}.70 = {6A93AC97-2387-4E6A-AC15-88AF49486024}
		{3FD67B1E-972C-4C3D-A839-176CDE6F2E11}.71 = {61C6DDA9-EB30-45DF-A585-2E53CBF08FA5}
		{3FD67B1E-972C-4C3D-A839-176CDE6F2E11}.72 = {7DF59EF2-4243-4758-9490-DAC5E8A7413D}
		{3FD67B1E-972C-4C3D-A839-176CDE6F2E11}.73 = {223A4FFC-7DDC-457F-A2AC-427E12C2B38E}
		{3FD67B1E-972C-4C3D-A839-176CDE6F2E11}.74 = {5A4F3EDD-D5B9-4C41-BBA9-DFEFE6AA92CE}
		{3FD67B1E-972C-4C3D-A839-176CDE6F2E11}.75 = {4CC77AA4-5CB1-43A6-AF31-99569E542CB6}
		{3FD67B1E-972C-4C3D-A839-176CDE6F2E11}.76 = {8D93B629-E718-4D28-B4CC-6AE70396C239}
		{3FD67B1E-972C-4C3D-A839-176CDE6F2E11}.77 = {FDE8A5B4-F1A9-4338-BF3B-DA5C5BBB1C8E}
		{3FD67B1E-972C-4C3D-A839-176CDE6F2E11}.78 = {99297CBC-AE50-4919-8C21-68BB221574A7}
		{3FD67B1E-972C-4C3D-A839-176CDE6F2E11}.79 = {95946597-D0C9-43AF-BBD6-106312A7AFCB}
		{3FD67B1E-972C-4C3D-A839-176CDE6F2E11}.80 = {3AE1491D-58BC-4B89-A691-17D7792A12F6}
		{3FD67B1E-972C-4C3D-A839-176CDE6F2E11}.81 = {E3CB4692-1896-4B3A-9DAE-243A92BE54E4}
		{3FD67B1E-972C-4C3D-A839-176CDE6F2E11}.82 = {34579291-BE7E-4509-BED6-CF66604AFA53}
		{3FD67B1E-972C-4C3D-A839-176CDE6F2E11}.83 = {CE9251F0-88C2-4DC4-B5BB-34A945DAF72F}
		{3FD67B1E-972C-4C3D-A839-176CDE6F2E11}.84 = {2A17EA39-3217-4F9B-A794-4B3C80B40744}
		{3FD67B1E-972C-4C3D-A839-176CDE6F2E11}.85 = {922E3532-B1ED-4E8C-A479-FDF92E538511}
		{3FD67B1E-972C-4C3D-A839-176CDE6F2E11}.86 = {CA150538-191A-4ACA-BB03-10D19447E4EA}
		{3FD67B1E-972C-4C3D-A839-176CDE6F2E11}.87 = {085451E8-B770-45BF-8E91-051CE984ED2E}
		{3FD67B1E-972C-4C3D-A839-176CDE6F2E11}.88 = {FD411E48-971E-4A50-9D05-F2797B661D50}
		{3FD67B1E-972C-4C3D-A839-176CDE6F2E11}.89 = {E6FD307D-6271-4AFC-A251-176486DDBB1A}
		{3FD67B1E-972C-4C3D-A839-176CDE6F2E11}.90 = {18515822-B059-46F4-BA47-2A2DE97F07EE}
		{3FD67B1E-972C-4C3D-A839-176CDE6F2E11}.91 = {5A9BCCFC-3A2D-422C-8A61-CA80C2E3BAA6}
		{3FD67B1E-972C-4C3D-A839-176CDE6F2E11}.92 = {8DB32398-14AC-41A0-B494-E7A9EF54EC29}
		{3FD67B1E-972C-4C3D-A839-176CDE6F2E11}.93 = {5A4F3EDD-D5B9-4C41-BBA9-DFEFE6AA92CE}
		{3FD67B1E-972C-4C3D-A839-176CDE6F2E11}.94 = {D677645B-0E98-4F7F-AEA1-5B703CDF0718}
		{3FD67B1E-972C-4C3D-A839-176CDE6F2E11}.95 = {D5CFEB70-0478-48EB-97B6-44BCC3EE19BA}
		{3FD67B1E-972C-4C3D-A839-176CDE6F2E11}.96 = {9D75C144-2E46-45D4-880B-220778D895E3}
		{3FD67B1E-972C-4C3D-A839-176CDE6F2E11}.97 = {1840D777-4616-44AB-92EA-482CE23AE0C4}
		{3FD67B1E-972C-4C3D-A839-176CDE6F2E11}.98 = {DD4ADEDA-0E7B-4F3F-B07B-CB356848260F}
		{3FD67B1E-972C-4C3D-A839-176CDE6F2E11}.99 = {9E84A1A9-DED1-4AD8-A654-A60249DFEEAE}
		{3FD67B1E-972C-4C3D-A839-176CDE6F2E11}.100 = {EA017097-8627-4C35-9D8B-253A96797248}
		{3FD67B1E-972C-4C3D-A839-176CDE6F2E11}.101 = {BC012B9F-D0A0-45C2-BBD3-AEDF8FC849AE}
		{3FD67B1E-972C-4C3D-A839-176CDE6F2E11}.102 = {44D2A307-38B4-45F9-BE7F-9800B4D099B3}
		{3FD67B1E-972C-4C3D-A839-176CDE6F2E11}.103 = {F0BA4B34-0A1C-4619-B371-B63885711FF5}
		{3FD67B1E-972C-4C3D-A839-176CDE6F2E11}.104 = {AC9DEDE9-579F-414E-9BA9-39D519B58F76}
		{3FD67B1E-972C-4C3D-A839-176CDE6F2E11}.105 = {AC9DEDE9-579F-414E-9BA9-39D519B58F76}
		{3FD67B1E-972C-4C3D-A839-176CDE6F2E11}.106 = {F0BA4B34-0A1C-4619-B371-B63885711FF5}
		{3FD67B1E-972C-4C3D-A839-176CDE6F2E11}.107 = {44D2A307-38B4-45F9-BE7F-9800B4D099B3}
		{3FD67B1E-972C-4C3D-A839-176CDE6F2E11}.108 = {BC012B9F-D0A0-45C2-BBD3-AEDF8FC849AE}
		{3FD67B1E-972C-4C3D-A839-176CDE6F2E11}.109 = {EA017097-8627-4C35-9D8B-253A96797248}
		{3FD67B1E-972C-4C3D-A839-176CDE6F2E11}.110 = {9E84A1A9-DED1-4AD8-A654-A60249DFEEAE}
		{3FD67B1E-972C-4C3D-A839-176CDE6F2E11}.111 = {DD4ADEDA-0E7B-4F3F-B07B-CB356848260F}
		{3FD67B1E-972C-4C3D-A839-176CDE6F2E11}.112 = {1840D777-4616-44AB-92EA-482CE23AE0C4}
		{3FD67B1E-972C-4C3D-A839-176CDE6F2E11}.113 = {9D75C144-2E46-45D4-880B-220778D895E3}
		{3FD67B1E-972C-4C3D-A839-176CDE6F2E11}.114 = {D5CFEB70-0478-48EB-97B6-44BCC3EE19BA}
		{3FD67B1E-972C-4C3D-A839-176CDE6F2E11}.115 = {D677645B-0E98-4F7F-AEA1-5B703CDF0718}
		{3FD67B1E-972C-4C3D-A839-176CDE6F2E11}.116 = {5A4F3EDD-D5B9-4C41-BBA9-DFEFE6AA92CE}
		{3FD67B1E-972C-4C3D-A839-176CDE6F2E11}.117 = {8DB32398-14AC-41A0-B494-E7A9EF54EC29}
		{3FD67B1E-972C-4C3D-A839-176CDE6F2E11}.118 = {5A9BCCFC-3A2D-422C-8A61-CA80C2E3BAA6}
		{3FD67B1E-972C-4C3D-A839-176CDE6F2E11}.119 = {18515822-B059-46F4-BA47-2A2DE97F07EE}
		{3FD67B1E-972C-4C3D-A839-176CDE6F2E11}.120 = {E6FD307D-6271-4AFC-A251-176486DDBB1A}
		{3FD67B1E-972C-4C3D-A839-176CDE6F2E11}.121 = {FD411E48-971E-4A50-9D05-F2797B661D50}
		{3FD67B1E-972C-4C3D-A839-176CDE6F2E11}.122 = {085451E8-B770-45BF-8E91-051CE984ED2E}
		{3FD67B1E-972C-4C3D-A839-176CDE6F2E11}.123 = {CA150538-191A-4ACA-BB03-10D19447E4EA}
		{3FD67B1E-972C-4C3D-A839-176CDE6F2E11}.124 = {922E3532-B1ED-4E8C-A479-FDF92E538511}
		{3FD67B1E-972C-4C3D-A839-176CDE6F2E11}.125 = {2A17EA39-3217-4F9B-A794-4B3C80B40744}
		{3FD67B1E-972C-4C3D-A839-176CDE6F2E11}.126 = {CE9251F0-88C2-4DC4-B5BB-34A945DAF72F}
		{3FD67B1E-972C-4C3D-A839-176CDE6F2E11}.127 = {34579291-BE7E-4509-BED6-CF66604AFA53}
		{3FD67B1E-972C-4C3D-A839-176CDE6F2E11}.128 = {E3CB4692-1896-4B3A-9DAE-243A92BE54E4}
		{3FD67B1E-972C-4C3D-A839-176CDE6F2E11}.129 = {3AE1491D-58BC-4B89-A691-17D7792A12F6}
		{3FD67B1E-972C-4C3D-A839-176CDE6F2E11}.130 = {95946597-D0C9-43AF-BBD6-106312A7AFCB}
		{3FD67B1E-972C-4C3D-A839-176CDE6F2E11}.131 = {99297CBC-AE50-4919-8C21-68BB221574A7}
		{3FD67B1E-972C-4C3D-A839-176CDE6F2E11}.132 = {FDE8A5B4-F1A9-4338-BF3B-DA5C5BBB1C8E}
		{3FD67B1E-972C-4C3D-A839-176CDE6F2E11}.133 = {8D93B629-E718-4D28-B4CC-6AE70396C239}
		{3FD67B1E-972C-4C3D-A839-176CDE6F2E11}.134 = {4CC77AA4-5CB1-43A6-AF31-99569E542CB6}
		{3FD67B1E-972C-4C3D-A839-176CDE6F2E11}.135 = {5A4F3EDD-D5B9-4C41-BBA9-DFEFE6AA92CE}
		{3FD67B1E-972C-4C3D-A839-176CDE6F2E11}.136 = {223A4FFC-7DDC-457F-A2AC-427E12C2B38E}
		{3FD67B1E-972C-4C3D-A839-176CDE6F2E11}.137 = {7DF59EF2-4243-4758-9490-DAC5E8A7413D}
		{3FD67B1E-972C-4C3D-A839-176CDE6F2E11}.138 = {61C6DDA9-EB30-45DF-A585-2E53CBF08FA5}
		{3FD67B1E-972C-4C3D-A839-176CDE6F2E11}.139 = {6A93AC97-2387-4E6A-AC15-88AF49486024}
		{3FD67B1E-972C-4C3D-A839-176CDE6F2E11}.140 = {AC9DEDE9-579F-414E-9BA9-39D519B58F76}
		{3FD67B1E-972C-4C3D-A839-176CDE6F2E11}.141 = {F0BA4B34-0A1C-4619-B371-B63885711FF5}
		{3FD67B1E-972C-4C3D-A839-176CDE6F2E11}.142 = {44D2A307-38B4-45F9-BE7F-9800B4D099B3}
		{3FD67B1E-972C-4C3D-A839-176CDE6F2E11}.143 = {BC012B9F-D0A0-45C2-BBD3-AEDF8FC849AE}
		{3FD67B1E-972C-4C3D-A839-176CDE6F2E11}.144 = {EA017097-8627-4C35-9D8B-253A96797248}
		{3FD67B1E-972C-4C3D-A839-176CDE6F2E11}.145 = {9E84A1A9-DED1-4AD8-A654-A60249DFEEAE}
		{3FD67B1E-972C-4C3D-A839-176CDE6F2E11}.146 = {DD4ADEDA-0E7B-4F3F-B07B-CB356848260F}
		{3FD67B1E-972C-4C3D-A839-176CDE6F2E11}.147 = {1840D777-4616-44AB-92EA-482CE23AE0C4}
		{3FD67B1E-972C-4C3D-A839-176CDE6F2E11}.148 = {9D75C144-2E46-45D4-880B-220778D895E3}
		{3FD67B1E-972C-4C3D-A839-176CDE6F2E11}.149 = {D5CFEB70-0478-48EB-97B6-44BCC3EE19BA}
		{3FD67B1E-972C-4C3D-A839-176CDE6F2E11}.150 = {D677645B-0E98-4F7F-AEA1-5B703CDF0718}
		{3FD67B1E-972C-4C3D-A839-176CDE6F2E11}.151 = {5A4F3EDD-D5B9-4C41-BBA9-DFEFE6AA92CE}
		{3FD67B1E-972C-4C3D-A839-176CDE6F2E11}.152 = {8DB32398-14AC-41A0-B494-E7A9EF54EC29}
		{3FD67B1E-972C-4C3D-A839-176CDE6F2E11}.153 = {5A9BCCFC-3A2D-422C-8A61-CA80C2E3BAA6}
		{3FD67B1E-972C-4C3D-A839-176CDE6F2E11}.154 = {18515822-B059-46F4-BA47-2A2DE97F07EE}
		{3FD67B1E-972C-4C3D-A839-176CDE6F2E11}.155 = {E6FD307D-6271-4AFC-A251-176486DDBB1A}
		{3FD67B1E-972C-4C3D-A839-176CDE6F2E11}.156 = {FD411E48-971E-4A50-9D05-F2797B661D50}
		{3FD67B1E-972C-4C3D-A839-176CDE6F2E11}.157 = {085451E8-B770-45BF-8E91-051CE984ED2E}
		{3FD67B1E-972C-4C3D-A839-176CDE6F2E11}.158 = {CA150538-191A-4ACA-BB03-10D19447E4EA}
		{3FD67B1E-972C-4C3D-A839-176CDE6F2E11}.159 = {922E3532-B1ED-4E8C-A479-FDF92E538511}
		{3FD67B1E-972C-4C3D-A839-176CDE6F2E11}.160 = {2A17EA39-3217-4F9B-A794-4B3C80B40744}
		{3FD67B1E-972C-4C3D-A839-176CDE6F2E11}.161 = {CE9251F0-88C2-4DC4-B5BB-34A945DAF72F}
		{3FD67B1E-972C-4C3D-A839-176CDE6F2E11}.162 = {34579291-BE7E-4509-BED6-CF66604AFA53}
		{3FD67B1E-972C-4C3D-A839-176CDE6F2E11}.163 = {E3CB4692-1896-4B3A-9DAE-243A92BE54E4}
		{3FD67B1E-972C-4C3D-A839-176CDE6F2E11}.164 = {3AE1491D-58BC-4B89-A691-17D7792A12F6}
		{3FD67B1E-972C-4C3D-A839-176CDE6F2E11}.165 = {95946597-D0C9-43AF-BBD6-106312A7AFCB}
		{3FD67B1E-972C-4C3D-A839-176CDE6F2E11}.166 = {99297CBC-AE50-4919-8C21-68BB221574A7}
		{3FD67B1E-972C-4C3D-A839-176CDE6F2E11}.167 = {FDE8A5B4-F1A9-4338-BF3B-DA5C5BBB1C8E}
		{3FD67B1E-972C-4C3D-A839-176CDE6F2E11}.168 = {8D93B629-E718-4D28-B4CC-6AE70396C239}
		{3FD67B1E-972C-4C3D-A839-176CDE6F2E11}.169 = {4CC77AA4-5CB1-43A6-AF31-99569E542CB6}
		{3FD67B1E-972C-4C3D-A839-176CDE6F2E11}.170 = {5A4F3EDD-D5B9-4C41-BBA9-DFEFE6AA92CE}
		{3FD67B1E-972C-4C3D-A839-176CDE6F2E11}.171 = {223A4FFC-7DDC-457F-A2AC-427E12C2B38E}
		{3FD67B1E-972C-4C3D-A839-176CDE6F2E11}.172 = {7DF59EF2-4243-4758-9490-DAC5E8A7413D}
		{3FD67B1E-972C-4C3D-A839-176CDE6F2E11}.173 = {61C6DDA9-EB30-45DF-A585-2E53CBF08FA5}
		{3FD67B1E-972C-4C3D-A839-176CDE6F2E11}.174 = {6A93AC97-2387-4E6A-AC15-88AF49486024}
		{3FD67B1E-972C-4C3D-A839-176CDE6F2E11}.175 = {AC9DEDE9-579F-414E-9BA9-39D519B58F76}
		{3FD67B1E-972C-4C3D-A839-176CDE6F2E11}.176 = {F0BA4B34-0A1C-4619-B371-B63885711FF5}
		{3FD67B1E-972C-4C3D-A839-176CDE6F2E11}.177 = {44D2A307-38B4-45F9-BE7F-9800B4D099B3}
		{3FD67B1E-972C-4C3D-A839-176CDE6F2E11}.178 = {BC012B9F-D0A0-45C2-BBD3-AEDF8FC849AE}
		{3FD67B1E-972C-4C3D-A839-176CDE6F2E11}.179 = {EA017097-8627-4C35-9D8B-253A96797248}
		{3FD67B1E-972C-4C3D-A839-176CDE6F2E11}.180 = {9E84A1A9-DED1-4AD8-A654-A60249DFEEAE}
		{3FD67B1E-972C-4C3D-A839-176CDE6F2E11}.181 = {DD4ADEDA-0E7B-4F3F-B07B-CB356848260F}
		{3FD67B1E-972C-4C3D-A839-176CDE6F2E11}.182 = {1840D777-4616-44AB-92EA-482CE23AE0C4}
		{3FD67B1E-972C-4C3D-A839-176CDE6F2E11}.183 = {9D75C144-2E46-45D4-880B-220778D895E3}
		{3FD67B1E-972C-4C3D-A839-176CDE6F2E11}.184 = {D5CFEB70-0478-48EB-97B6-44BCC3EE19BA}
		{3FD67B1E-972C-4C3D-A839-176CDE6F2E11}.185 = {5A4F3EDD-D5B9-4C41-BBA9-DFEFE6AA92CE}
		{3FD67B1E-972C-4C3D-A839-176CDE6F2E11}.186 = {8DB32398-14AC-41A0-B494-E7A9EF54EC29}
		{3FD67B1E-972C-4C3D-A839-176CDE6F2E11}.187 = {5A9BCCFC-3A2D-422C-8A61-CA80C2E3BAA6}
		{3FD67B1E-972C-4C3D-A839-176CDE6F2E11}.188 = {18515822-B059-46F4-BA47-2A2DE97F07EE}
		{3FD67B1E-972C-4C3D-A839-176CDE6F2E11}.189 = {E6FD307D-6271-4AFC-A251-176486DDBB1A}
		{3FD67B1E-972C-4C3D-A839-176CDE6F2E11}.190 = {FD411E48-971E-4A50-9D05-F2797B661D50}
		{3FD67B1E-972C-4C3D-A839-176CDE6F2E11}.191 = {085451E8-B770-45BF-8E91-051CE984ED2E}
		{3FD67B1E-972C-4C3D-A839-176CDE6F2E11}.192 = {CA150538-191A-4ACA-BB03-10D19447E4EA}
		{3FD67B1E-972C-4C3D-A839-176CDE6F2E11}.193 = {922E3532-B1ED-4E8C-A479-FDF92E538511}
		{3FD67B1E-972C-4C3D-A839-176CDE6F2E11}.194 = {2A17EA39-3217-4F9B-A794-4B3C80B40744}
		{3FD67B1E-972C-4C3D-A839-176CDE6F2E11}.195 = {CE9251F0-88C2-4DC4-B5BB-34A945DAF72F}
		{3FD67B1E-972C-4C3D-A839-176CDE6F2E11}.196 = {34579291-BE7E-4509-BED6-CF66604AFA53}
		{3FD67B1E-972C-4C3D-A839-176CDE6F2E11}.197 = {E3CB4692-1896-4B3A-9DAE-243A92BE54E4}
		{3FD67B1E-972C-4C3D-A839-176CDE6F2E11}.198 = {3AE1491D-58BC-4B89-A691-17D7792A12F6}
		{3FD67B1E-972C-4C3D-A839-176CDE6F2E11}.199 = {95946597-D0C9-43AF-BBD6-106312A7AFCB}
		{3FD67B1E-972C-4C3D-A839-176CDE6F2E11}.200 = {99297CBC-AE50-4919-8C21-68BB221574A7}
		{3FD67B1E-972C-4C3D-A839-176CDE6F2E11}.201 = {FDE8A5B4-F1A9-4338-BF3B-DA5C5BBB1C8E}
		{3FD67B1E-972C-4C3D-A839-176CDE6F2E11}.202 = {8D93B629-E718-4D28-B4CC-6AE70396C239}
		{3FD67B1E-972C-4C3D-A839-176CDE6F2E11}.203 = {4CC77AA4-5CB1-43A6-AF31-99569E542CB6}
		{3FD67B1E-972C-4C3D-A839-176CDE6F2E11}.204 = {5A4F3EDD-D5B9-4C41-BBA9-DFEFE6AA92CE}
		{3FD67B1E-972C-4C3D-A839-176CDE6F2E11}.205 = {D677645B-0E98-4F7F-AEA1-5B703CDF0718}
		{3FD67B1E-972C-4C3D-A839-176CDE6F2E11}.206 = {223A4FFC-7DDC-457F-A2AC-427E12C2B38E}
		{3FD67B1E-972C-4C3D-A839-176CDE6F2E11}.207 = {7DF59EF2-4243-4758-9490-DAC5E8A7413D}
		{3FD67B1E-972C-4C3D-A839-176CDE6F2E11}.208 = {61C6DDA9-EB30-45DF-A585-2E53CBF08FA5}
		{3FD67B1E-972C-4C3D-A839-176CDE6F2E11}.209 = {6A93AC97-2387-4E6A-AC15-88AF49486024}
		{3FD67B1E-972C-4C3D-A839-176CDE6F2E11}.210 = {AC9DEDE9-579F-414E-9BA9-39D519B58F76}
		{3FD67B1E-972C-4C3D-A839-176CDE6F2E11}.211 = {F0BA4B34-0A1C-4619-B371-B63885711FF5}
		{3FD67B1E-972C-4C3D-A839-176CDE6F2E11}.212 = {44D2A307-38B4-45F9-BE7F-9800B4D099B3}
		{3FD67B1E-972C-4C3D-A839-176CDE6F2E11}.213 = {BC012B9F-D0A0-45C2-BBD3-AEDF8FC849AE}
		{3FD67B1E-972C-4C3D-A839-176CDE6F2E11}.214 = {EA017097-8627-4C35-9D8B-253A96797248}
		{3FD67B1E-972C-4C3D-A839-176CDE6F2E11}.215 = {9E84A1A9-DED1-4AD8-A654-A60249DFEEAE}
		{3FD67B1E-972C-4C3D-A839-176CDE6F2E11}.216 = {DD4ADEDA-0E7B-4F3F-B07B-CB356848260F}
		{3FD67B1E-972C-4C3D-A839-176CDE6F2E11}.217 = {1840D777-4616-44AB-92EA-482CE23AE0C4}
		{3FD67B1E-972C-4C3D-A839-176CDE6F2E11}.218 = {9D75C144-2E46-45D4-880B-220778D895E3}
		{3FD67B1E-972C-4C3D-A839-176CDE6F2E11}.219 = {D5CFEB70-0478-48EB-97B6-44BCC3EE19BA}
		{3FD67B1E-972C-4C3D-A839-176CDE6F2E11}.220 = {5A4F3EDD-D5B9-4C41-BBA9-DFEFE6AA92CE}
		{3FD67B1E-972C-4C3D-A839-176CDE6F2E11}.221 = {8DB32398-14AC-41A0-B494-E7A9EF54EC29}
		{3FD67B1E-972C-4C3D-A839-176CDE6F2E11}.222 = {5A9BCCFC-3A2D-422C-8A61-CA80C2E3BAA6}
		{3FD67B1E-972C-4C3D-A839-176CDE6F2E11}.223 = {18515822-B059-46F4-BA47-2A2DE97F07EE}
		{3FD67B1E-972C-4C3D-A839-176CDE6F2E11}.224 = {E6FD307D-6271-4AFC-A251-176486DDBB1A}
		{3FD67B1E-972C-4C3D-A839-176CDE6F2E11}.225 = {FD411E48-971E-4A50-9D05-F2797B661D50}
		{3FD67B1E-972C-4C3D-A839-176CDE6F2E11}.226 = {085451E8-B770-45BF-8E91-051CE984ED2E}
		{3FD67B1E-972C-4C3D-A839-176CDE6F2E11}.227 = {CA150538-191A-4ACA-BB03-10D19447E4EA}
		{3FD67B1E-972C-4C3D-A839-176CDE6F2E11}.228 = {922E3532-B1ED-4E8C-A479-FDF92E538511}
		{3FD67B1E-972C-4C3D-A839-176CDE6F2E11}.229 = {2A17EA39-3217-4F9B-A794-4B3C80B40744}
		{3FD67B1E-972C-4C3D-A839-176CDE6F2E11}.230 = {CE9251F0-88C2-4DC4-B5BB-34A945DAF72F}
		{3FD67B1E-972C-4C3D-A839-176CDE6F2E11}.231 = {34579291-BE7E-4509-BED6-CF66604AFA53}
		{3FD67B1E-972C-4C3D-A839-176CDE6F2E11}.232 = {E3CB4692-1896-4B3A-9DAE-243A92BE54E4}
		{3FD67B1E-972C-4C3D-A839-176CDE6F2E11}.233 = {3AE1491D-58BC-4B89-A691-17D7792A12F6}
		{3FD67B1E-972C-4C3D-A839-176CDE6F2E11}.234 = {95946597-D0C9-43AF-BBD6-106312A7AFCB}
		{3FD67B1E-972C-4C3D-A839-176CDE6F2E11}.235 = {99297CBC-AE50-4919-8C21-68BB221574A7}
		{3FD67B1E-972C-4C3D-A839-176CDE6F2E11}.236 = {FDE8A5B4-F1A9-4338-BF3B-DA5C5BBB1C8E}
		{3FD67B1E-972C-4C3D-A839-176CDE6F2E11}.237 = {8D93B629-E718-4D28-B4CC-6AE70396C239}
		{3FD67B1E-972C-4C3D-A839-176CDE6F2E11}.238 = {4CC77AA4-5CB1-43A6-AF31-99569E542CB6}
		{3FD67B1E-972C-4C3D-A839-176CDE6F2E11}.239 = {5A4F3EDD-D5B9-4C41-BBA9-DFEFE6AA92CE}
		{3FD67B1E-972C-4C3D-A839-176CDE6F2E11}.240 = {D677645B-0E98-4F7F-AEA1-5B703CDF0718}
		{3FD67B1E-972C-4C3D-A839-176CDE6F2E11}.241 = {223A4FFC-7DDC-457F-A2AC-427E12C2B38E}
		{3FD67B1E-972C-4C3D-A839-176CDE6F2E11}.242 = {7DF59EF2-4243-4758-9490-DAC5E8A7413D}
		{3FD67B1E-972C-4C3D-A839-176CDE6F2E11}.243 = {61C6DDA9-EB30-45DF-A585-2E53CBF08FA5}
		{3FD67B1E-972C-4C3D-A839-176CDE6F2E11}.244 = {6A93AC97-2387-4E6A-AC15-88AF49486024}
	EndGlobalSection
	GlobalSection(ProjectConfiguration) = postSolution
		{D5CFEB70-0478-48EB-97B6-44BCC3EE19BA}.Debug.ActiveCfg = Debug|Win32
		{D5CFEB70-0478-48EB-97B6-44BCC3EE19BA}.Debug.Build.0 = Debug|Win32
		{D5CFEB70-0478-48EB-97B6-44BCC3EE19BA}.Release.ActiveCfg = Release|Win32
		{D5CFEB70-0478-48EB-97B6-44BCC3EE19BA}.Release.Build.0 = Release|Win32
		{2A17EA39-3217-4F9B-A794-4B3C80B40744}.Debug.ActiveCfg = Debug|Win32
		{2A17EA39-3217-4F9B-A794-4B3C80B40744}.Debug.Build.0 = Debug|Win32
		{2A17EA39-3217-4F9B-A794-4B3C80B40744}.Release.ActiveCfg = Release|Win32
		{2A17EA39-3217-4F9B-A794-4B3C80B40744}.Release.Build.0 = Release|Win32
		{99297CBC-AE50-4919-8C21-68BB221574A7}.Debug.ActiveCfg = Debug|Win32
		{99297CBC-AE50-4919-8C21-68BB221574A7}.Debug.Build.0 = Debug|Win32
		{99297CBC-AE50-4919-8C21-68BB221574A7}.Release.ActiveCfg = Release|Win32
		{99297CBC-AE50-4919-8C21-68BB221574A7}.Release.Build.0 = Release|Win32
		{3AE1491D-58BC-4B89-A691-17D7792A12F6}.Debug.ActiveCfg = Debug|Win32
		{3AE1491D-58BC-4B89-A691-17D7792A12F6}.Debug.Build.0 = Debug|Win32
		{3AE1491D-58BC-4B89-A691-17D7792A12F6}.Release.ActiveCfg = Release|Win32
		{3AE1491D-58BC-4B89-A691-17D7792A12F6}.Release.Build.0 = Release|Win32
		{6A93AC97-2387-4E6A-AC15-88AF49486024}.Debug.ActiveCfg = Debug|Win32
		{6A93AC97-2387-4E6A-AC15-88AF49486024}.Debug.Build.0 = Debug|Win32
		{6A93AC97-2387-4E6A-AC15-88AF49486024}.Release.ActiveCfg = Release|Win32
		{6A93AC97-2387-4E6A-AC15-88AF49486024}.Release.Build.0 = Release|Win32
		{61C6DDA9-EB30-45DF-A585-2E53CBF08FA5}.Debug.ActiveCfg = Debug|Win32
		{61C6DDA9-EB30-45DF-A585-2E53CBF08FA5}.Debug.Build.0 = Debug|Win32
		{61C6DDA9-EB30-45DF-A585-2E53CBF08FA5}.Release.ActiveCfg = Release|Win32
		{61C6DDA9-EB30-45DF-A585-2E53CBF08FA5}.Release.Build.0 = Release|Win32
		{1840D777-4616-44AB-92EA-482CE23AE0C4}.Debug.ActiveCfg = Debug|Win32
		{1840D777-4616-44AB-92EA-482CE23AE0C4}.Debug.Build.0 = Debug|Win32
		{1840D777-4616-44AB-92EA-482CE23AE0C4}.Release.ActiveCfg = Release|Win32
		{1840D777-4616-44AB-92EA-482CE23AE0C4}.Release.Build.0 = Release|Win32
		{5A4F3EDD-D5B9-4C41-BBA9-DFEFE6AA92CE}.Debug.ActiveCfg = Debug|Win32
		{5A4F3EDD-D5B9-4C41-BBA9-DFEFE6AA92CE}.Debug.Build.0 = Debug|Win32
		{5A4F3EDD-D5B9-4C41-BBA9-DFEFE6AA92CE}.Release.ActiveCfg = Release|Win32
		{5A4F3EDD-D5B9-4C41-BBA9-DFEFE6AA92CE}.Release.Build.0 = Release|Win32
		{7DF59EF2-4243-4758-9490-DAC5E8A7413D}.Debug.ActiveCfg = Debug|Win32
		{7DF59EF2-4243-4758-9490-DAC5E8A7413D}.Debug.Build.0 = Debug|Win32
		{7DF59EF2-4243-4758-9490-DAC5E8A7413D}.Release.ActiveCfg = Release|Win32
		{7DF59EF2-4243-4758-9490-DAC5E8A7413D}.Release.Build.0 = Release|Win32
		{CE9251F0-88C2-4DC4-B5BB-34A945DAF72F}.Debug.ActiveCfg = Debug|Win32
		{CE9251F0-88C2-4DC4-B5BB-34A945DAF72F}.Debug.Build.0 = Debug|Win32
		{CE9251F0-88C2-4DC4-B5BB-34A945DAF72F}.Release.ActiveCfg = Release|Win32
		{CE9251F0-88C2-4DC4-B5BB-34A945DAF72F}.Release.Build.0 = Release|Win32
		{8D93B629-E718-4D28-B4CC-6AE70396C239}.Debug.ActiveCfg = Debug|Win32
		{8D93B629-E718-4D28-B4CC-6AE70396C239}.Debug.Build.0 = Debug|Win32
		{8D93B629-E718-4D28-B4CC-6AE70396C239}.Release.ActiveCfg = Release|Win32
		{8D93B629-E718-4D28-B4CC-6AE70396C239}.Release.Build.0 = Release|Win32
		{E6FD307D-6271-4AFC-A251-176486DDBB1A}.Debug.ActiveCfg = Debug|Win32
		{E6FD307D-6271-4AFC-A251-176486DDBB1A}.Debug.Build.0 = Debug|Win32
		{E6FD307D-6271-4AFC-A251-176486DDBB1A}.Release.ActiveCfg = Release|Win32
		{E6FD307D-6271-4AFC-A251-176486DDBB1A}.Release.Build.0 = Release|Win32
		{8DB32398-14AC-41A0-B494-E7A9EF54EC29}.Debug.ActiveCfg = Debug|Win32
		{8DB32398-14AC-41A0-B494-E7A9EF54EC29}.Debug.Build.0 = Debug|Win32
		{8DB32398-14AC-41A0-B494-E7A9EF54EC29}.Release.ActiveCfg = Release|Win32
		{8DB32398-14AC-41A0-B494-E7A9EF54EC29}.Release.Build.0 = Release|Win32
		{95946597-D0C9-43AF-BBD6-106312A7AFCB}.Debug.ActiveCfg = Debug|Win32
		{95946597-D0C9-43AF-BBD6-106312A7AFCB}.Debug.Build.0 = Debug|Win32
		{95946597-D0C9-43AF-BBD6-106312A7AFCB}.Release.ActiveCfg = Release|Win32
		{95946597-D0C9-43AF-BBD6-106312A7AFCB}.Release.Build.0 = Release|Win32
		{FD411E48-971E-4A50-9D05-F2797B661D50}.Debug.ActiveCfg = Debug|Win32
		{FD411E48-971E-4A50-9D05-F2797B661D50}.Debug.Build.0 = Debug|Win32
		{FD411E48-971E-4A50-9D05-F2797B661D50}.Release.ActiveCfg = Release|Win32
		{FD411E48-971E-4A50-9D05-F2797B661D50}.Release.Build.0 = Release|Win32
		{9D75C144-2E46-45D4-880B-220778D895E3}.Debug.ActiveCfg = Debug|Win32
		{9D75C144-2E46-45D4-880B-220778D895E3}.Debug.Build.0 = Debug|Win32
		{9D75C144-2E46-45D4-880B-220778D895E3}.Release.ActiveCfg = Release|Win32
		{9D75C144-2E46-45D4-880B-220778D895E3}.Release.Build.0 = Release|Win32
		{DD4ADEDA-0E7B-4F3F-B07B-CB356848260F}.Debug.ActiveCfg = Debug|Win32
		{DD4ADEDA-0E7B-4F3F-B07B-CB356848260F}.Debug.Build.0 = Debug|Win32
		{DD4ADEDA-0E7B-4F3F-B07B-CB356848260F}.Release.ActiveCfg = Release|Win32
		{DD4ADEDA-0E7B-4F3F-B07B-CB356848260F}.Release.Build.0 = Release|Win32
		{EA017097-8627-4C35-9D8B-253A96797248}.Debug.ActiveCfg = Debug|Win32
		{EA017097-8627-4C35-9D8B-253A96797248}.Debug.Build.0 = Debug|Win32
		{EA017097-8627-4C35-9D8B-253A96797248}.Release.ActiveCfg = Release|Win32
		{EA017097-8627-4C35-9D8B-253A96797248}.Release.Build.0 = Release|Win32
		{34579291-BE7E-4509-BED6-CF66604AFA53}.Debug.ActiveCfg = Debug|Win32
		{34579291-BE7E-4509-BED6-CF66604AFA53}.Debug.Build.0 = Debug|Win32
		{34579291-BE7E-4509-BED6-CF66604AFA53}.Release.ActiveCfg = Release|Win32
		{34579291-BE7E-4509-BED6-CF66604AFA53}.Release.Build.0 = Release|Win32
		{922E3532-B1ED-4E8C-A479-FDF92E538511}.Debug.ActiveCfg = Debug|Win32
		{922E3532-B1ED-4E8C-A479-FDF92E538511}.Debug.Build.0 = Debug|Win32
		{922E3532-B1ED-4E8C-A479-FDF92E538511}.Release.ActiveCfg = Release|Win32
		{922E3532-B1ED-4E8C-A479-FDF92E538511}.Release.Build.0 = Release|Win32
		{E3CB4692-1896-4B3A-9DAE-243A92BE54E4}.Debug.ActiveCfg = Debug|Win32
		{E3CB4692-1896-4B3A-9DAE-243A92BE54E4}.Debug.Build.0 = Debug|Win32
		{E3CB4692-1896-4B3A-9DAE-243A92BE54E4}.Release.ActiveCfg = Release|Win32
		{E3CB4692-1896-4B3A-9DAE-243A92BE54E4}.Release.Build.0 = Release|Win32
		{CA150538-191A-4ACA-BB03-10D19447E4EA}.Debug.ActiveCfg = Debug|Win32
		{CA150538-191A-4ACA-BB03-10D19447E4EA}.Debug.Build.0 = Debug|Win32
		{CA150538-191A-4ACA-BB03-10D19447E4EA}.Release.ActiveCfg = Release|Win32
		{CA150538-191A-4ACA-BB03-10D19447E4EA}.Release.Build.0 = Release|Win32
		{5A9BCCFC-3A2D-422C-8A61-CA80C2E3BAA6}.Debug.ActiveCfg = Debug|Win32
		{5A9BCCFC-3A2D-422C-8A61-CA80C2E3BAA6}.Debug.Build.0 = Debug|Win32
		{5A9BCCFC-3A2D-422C-8A61-CA80C2E3BAA6}.Release.ActiveCfg = Release|Win32
		{5A9BCCFC-3A2D-422C-8A61-CA80C2E3BAA6}.Release.Build.0 = Release|Win32
		{085451E8-B770-45BF-8E91-051CE984ED2E}.Debug.ActiveCfg = Debug|Win32
		{085451E8-B770-45BF-8E91-051CE984ED2E}.Debug.Build.0 = Debug|Win32
		{085451E8-B770-45BF-8E91-051CE984ED2E}.Release.ActiveCfg = Release|Win32
		{085451E8-B770-45BF-8E91-051CE984ED2E}.Release.Build.0 = Release|Win32
		{AC9DEDE9-579F-414E-9BA9-39D519B58F76}.Debug.ActiveCfg = Debug|Win32
		{AC9DEDE9-579F-414E-9BA9-39D519B58F76}.Debug.Build.0 = Debug|Win32
		{AC9DEDE9-579F-414E-9BA9-39D519B58F76}.Release.ActiveCfg = Release|Win32
		{AC9DEDE9-579F-414E-9BA9-39D519B58F76}.Release.Build.0 = Release|Win32
		{18515822-B059-46F4-BA47-2A2DE97F07EE}.Debug.ActiveCfg = Debug|Win32
		{18515822-B059-46F4-BA47-2A2DE97F07EE}.Debug.Build.0 = Debug|Win32
		{18515822-B059-46F4-BA47-2A2DE97F07EE}.Release.ActiveCfg = Release|Win32
		{18515822-B059-46F4-BA47-2A2DE97F07EE}.Release.Build.0 = Release|Win32
		{9E84A1A9-DED1-4AD8-A654-A60249DFEEAE}.Debug.ActiveCfg = Debug|Win32
		{9E84A1A9-DED1-4AD8-A654-A60249DFEEAE}.Debug.Build.0 = Debug|Win32
		{9E84A1A9-DED1-4AD8-A654-A60249DFEEAE}.Release.ActiveCfg = Release|Win32
		{9E84A1A9-DED1-4AD8-A654-A60249DFEEAE}.Release.Build.0 = Release|Win32
		{BC012B9F-D0A0-45C2-BBD3-AEDF8FC849AE}.Debug.ActiveCfg = Debug|Win32
		{BC012B9F-D0A0-45C2-BBD3-AEDF8FC849AE}.Debug.Build.0 = Debug|Win32
		{BC012B9F-D0A0-45C2-BBD3-AEDF8FC849AE}.Release.ActiveCfg = Release|Win32
		{BC012B9F-D0A0-45C2-BBD3-AEDF8FC849AE}.Release.Build.0 = Release|Win32
		{F0BA4B34-0A1C-4619-B371-B63885711FF5}.Debug.ActiveCfg = Debug|Win32
		{F0BA4B34-0A1C-4619-B371-B63885711FF5}.Debug.Build.0 = Debug|Win32
		{F0BA4B34-0A1C-4619-B371-B63885711FF5}.Release.ActiveCfg = Release|Win32
		{F0BA4B34-0A1C-4619-B371-B63885711FF5}.Release.Build.0 = Release|Win32
		{44D2A307-38B4-45F9-BE7F-9800B4D099B3}.Debug.ActiveCfg = Debug|Win32
		{44D2A307-38B4-45F9-BE7F-9800B4D099B3}.Debug.Build.0 = Debug|Win32
		{44D2A307-38B4-45F9-BE7F-9800B4D099B3}.Release.ActiveCfg = Release|Win32
		{44D2A307-38B4-45F9-BE7F-9800B4D099B3}.Release.Build.0 = Release|Win32
		{4CC77AA4-5CB1-43A6-AF31-99569E542CB6}.Debug.ActiveCfg = Debug|Win32
		{4CC77AA4-5CB1-43A6-AF31-99569E542CB6}.Debug.Build.0 = Debug|Win32
		{4CC77AA4-5CB1-43A6-AF31-99569E542CB6}.Release.ActiveCfg = Release|Win32
		{4CC77AA4-5CB1-43A6-AF31-99569E542CB6}.Release.Build.0 = Release|Win32
		{D677645B-0E98-4F7F-AEA1-5B703CDF0718}.Debug.ActiveCfg = Debug|Win32
		{D677645B-0E98-4F7F-AEA1-5B703CDF0718}.Debug.Build.0 = Debug|Win32
		{D677645B-0E98-4F7F-AEA1-5B703CDF0718}.Release.ActiveCfg = Release|Win32
		{D677645B-0E98-4F7F-AEA1-5B703CDF0718}.Release.Build.0 = Release|Win32
		{223A4FFC-7DDC-457F-A2AC-427E12C2B38E}.Debug.ActiveCfg = Debug|Win32
		{223A4FFC-7DDC-457F-A2AC-427E12C2B38E}.Debug.Build.0 = Debug|Win32
		{223A4FFC-7DDC-457F-A2AC-427E12C2B38E}.Release.ActiveCfg = Release|Win32
		{223A4FFC-7DDC-457F-A2AC-427E12C2B38E}.Release.Build.0 = Release|Win32
		{FDE8A5B4-F1A9-4338-BF3B-DA5C5BBB1C8E}.Debug.ActiveCfg = Debug|Win32
		{FDE8A5B4-F1A9-4338-BF3B-DA5C5BBB1C8E}.Debug.Build.0 = Debug|Win32
		{FDE8A5B4-F1A9-4338-BF3B-DA5C5BBB1C8E}.Release.ActiveCfg = Release|Win32
		{FDE8A5B4-F1A9-4338-BF3B-DA5C5BBB1C8E}.Release.Build.0 = Release|Win32
		{3FD67B1E-972C-4C3D-A839-176CDE6F2E11}.Debug.ActiveCfg = Debug
		{3FD67B1E-972C-4C3D-A839-176CDE6F2E11}.Release.ActiveCfg = Release
	EndGlobalSection
	GlobalSection(SolutionItems) = postSolution
	EndGlobalSection
	GlobalSection(ExtensibilityGlobals) = postSolution
	EndGlobalSection
	GlobalSection(ExtensibilityAddIns) = postSolution
	EndGlobalSection
EndGlobal
