Microsoft Visual Studio Solution File, Format Version 10.00
# Visual Studio 2008
Project("{8BC9CEB8-8B4A-11D0-8D11-00A0C91BC942}") = "mdsshr", "mdsshr\mdsshr.vcproj", "{D5CFEB70-0478-48EB-97B6-44BCC3EE19BA}"
EndProject
Project("{8BC9CEB8-8B4A-11D0-8D11-00A0C91BC942}") = "tdishr", "tdishr\tdishr.vcproj", "{2A17EA39-3217-4F9B-A794-4B3C80B40744}"
	ProjectSection(ProjectDependencies) = postProject
		{D5CFEB70-0478-48EB-97B6-44BCC3EE19BA} = {D5CFEB70-0478-48EB-97B6-44BCC3EE19BA}
		{5A4F3EDD-D5B9-4C41-BBA9-DFEFE6AA92CE} = {5A4F3EDD-D5B9-4C41-BBA9-DFEFE6AA92CE}
	EndProjectSection
EndProject
Project("{8BC9CEB8-8B4A-11D0-8D11-00A0C91BC942}") = "cdushr", "cdu\cdushr.vcproj", "{99297CBC-AE50-4919-8C21-68BB221574A7}"
	ProjectSection(ProjectDependencies) = postProject
		{D5CFEB70-0478-48EB-97B6-44BCC3EE19BA} = {D5CFEB70-0478-48EB-97B6-44BCC3EE19BA}
	EndProjectSection
EndProject
Project("{8BC9CEB8-8B4A-11D0-8D11-00A0C91BC942}") = "cdu", "cdu\cdu.vcproj", "{3AE1491D-58BC-4B89-A691-17D7792A12F6}"
	ProjectSection(ProjectDependencies) = postProject
		{99297CBC-AE50-4919-8C21-68BB221574A7} = {99297CBC-AE50-4919-8C21-68BB221574A7}
	EndProjectSection
EndProject
Project("{8BC9CEB8-8B4A-11D0-8D11-00A0C91BC942}") = "icons", "icons\icons.vcproj", "{6A93AC97-2387-4E6A-AC15-88AF49486024}"
EndProject
Project("{8BC9CEB8-8B4A-11D0-8D11-00A0C91BC942}") = "math", "math\math.vcproj", "{61C6DDA9-EB30-45DF-A585-2E53CBF08FA5}"
	ProjectSection(ProjectDependencies) = postProject
		{D5CFEB70-0478-48EB-97B6-44BCC3EE19BA} = {D5CFEB70-0478-48EB-97B6-44BCC3EE19BA}
	EndProjectSection
EndProject
Project("{8BC9CEB8-8B4A-11D0-8D11-00A0C91BC942}") = "mdsdcl", "mdsdcl\mdsdcl.vcproj", "{1840D777-4616-44AB-92EA-482CE23AE0C4}"
	ProjectSection(ProjectDependencies) = postProject
		{D5CFEB70-0478-48EB-97B6-44BCC3EE19BA} = {D5CFEB70-0478-48EB-97B6-44BCC3EE19BA}
		{BC012B9F-D0A0-45C2-BBD3-AEDF8FC849AE} = {BC012B9F-D0A0-45C2-BBD3-AEDF8FC849AE}
		{99297CBC-AE50-4919-8C21-68BB221574A7} = {99297CBC-AE50-4919-8C21-68BB221574A7}
	EndProjectSection
EndProject
Project("{8BC9CEB8-8B4A-11D0-8D11-00A0C91BC942}") = "treeshr", "treeshr\treeshr.vcproj", "{5A4F3EDD-D5B9-4C41-BBA9-DFEFE6AA92CE}"
	ProjectSection(ProjectDependencies) = postProject
		{D5CFEB70-0478-48EB-97B6-44BCC3EE19BA} = {D5CFEB70-0478-48EB-97B6-44BCC3EE19BA}
	EndProjectSection
EndProject
Project("{8BC9CEB8-8B4A-11D0-8D11-00A0C91BC942}") = "mdsip", "mdstcpip\mdsip.vcproj", "{7DF59EF2-4243-4758-9490-DAC5E8A7413D}"
	ProjectSection(ProjectDependencies) = postProject
		{2A17EA39-3217-4F9B-A794-4B3C80B40744} = {2A17EA39-3217-4F9B-A794-4B3C80B40744}
		{D5CFEB70-0478-48EB-97B6-44BCC3EE19BA} = {D5CFEB70-0478-48EB-97B6-44BCC3EE19BA}
		{5A4F3EDD-D5B9-4C41-BBA9-DFEFE6AA92CE} = {5A4F3EDD-D5B9-4C41-BBA9-DFEFE6AA92CE}
		{CE9251F0-88C2-4DC4-B5BB-34A945DAF72F} = {CE9251F0-88C2-4DC4-B5BB-34A945DAF72F}
	EndProjectSection
EndProject
Project("{8BC9CEB8-8B4A-11D0-8D11-00A0C91BC942}") = "mdsipshr", "mdstcpip\mdsipshr.vcproj", "{CE9251F0-88C2-4DC4-B5BB-34A945DAF72F}"
	ProjectSection(ProjectDependencies) = postProject
		{D5CFEB70-0478-48EB-97B6-44BCC3EE19BA} = {D5CFEB70-0478-48EB-97B6-44BCC3EE19BA}
	EndProjectSection
EndProject
Project("{8BC9CEB8-8B4A-11D0-8D11-00A0C91BC942}") = "mdsip_service", "mdstcpip\mdsip_service.vcproj", "{8D93B629-E718-4D28-B4CC-6AE70396C239}"
	ProjectSection(ProjectDependencies) = postProject
		{2A17EA39-3217-4F9B-A794-4B3C80B40744} = {2A17EA39-3217-4F9B-A794-4B3C80B40744}
		{D5CFEB70-0478-48EB-97B6-44BCC3EE19BA} = {D5CFEB70-0478-48EB-97B6-44BCC3EE19BA}
		{5A4F3EDD-D5B9-4C41-BBA9-DFEFE6AA92CE} = {5A4F3EDD-D5B9-4C41-BBA9-DFEFE6AA92CE}
		{CE9251F0-88C2-4DC4-B5BB-34A945DAF72F} = {CE9251F0-88C2-4DC4-B5BB-34A945DAF72F}
	EndProjectSection
EndProject
Project("{8BC9CEB8-8B4A-11D0-8D11-00A0C91BC942}") = "tcl_commands", "tcl\tcl_commands.vcproj", "{E6FD307D-6271-4AFC-A251-176486DDBB1A}"
	ProjectSection(ProjectDependencies) = postProject
		{3AE1491D-58BC-4B89-A691-17D7792A12F6} = {3AE1491D-58BC-4B89-A691-17D7792A12F6}
		{2A17EA39-3217-4F9B-A794-4B3C80B40744} = {2A17EA39-3217-4F9B-A794-4B3C80B40744}
		{D5CFEB70-0478-48EB-97B6-44BCC3EE19BA} = {D5CFEB70-0478-48EB-97B6-44BCC3EE19BA}
		{BC012B9F-D0A0-45C2-BBD3-AEDF8FC849AE} = {BC012B9F-D0A0-45C2-BBD3-AEDF8FC849AE}
		{DB6527B9-920C-4017-B54A-C3AF8B534696} = {DB6527B9-920C-4017-B54A-C3AF8B534696}
		{99297CBC-AE50-4919-8C21-68BB221574A7} = {99297CBC-AE50-4919-8C21-68BB221574A7}
		{DD4ADEDA-0E7B-4F3F-B07B-CB356848260F} = {DD4ADEDA-0E7B-4F3F-B07B-CB356848260F}
		{5A4F3EDD-D5B9-4C41-BBA9-DFEFE6AA92CE} = {5A4F3EDD-D5B9-4C41-BBA9-DFEFE6AA92CE}
	EndProjectSection
EndProject
Project("{8BC9CEB8-8B4A-11D0-8D11-00A0C91BC942}") = "tditest", "tditest\tditest.vcproj", "{8DB32398-14AC-41A0-B494-E7A9EF54EC29}"
	ProjectSection(ProjectDependencies) = postProject
		{2A17EA39-3217-4F9B-A794-4B3C80B40744} = {2A17EA39-3217-4F9B-A794-4B3C80B40744}
		{D5CFEB70-0478-48EB-97B6-44BCC3EE19BA} = {D5CFEB70-0478-48EB-97B6-44BCC3EE19BA}
		{5A4F3EDD-D5B9-4C41-BBA9-DFEFE6AA92CE} = {5A4F3EDD-D5B9-4C41-BBA9-DFEFE6AA92CE}
	EndProjectSection
EndProject
Project("{8BC9CEB8-8B4A-11D0-8D11-00A0C91BC942}") = "wfevent", "wfevent\wfevent.vcproj", "{95946597-D0C9-43AF-BBD6-106312A7AFCB}"
	ProjectSection(ProjectDependencies) = postProject
		{2A17EA39-3217-4F9B-A794-4B3C80B40744} = {2A17EA39-3217-4F9B-A794-4B3C80B40744}
		{D5CFEB70-0478-48EB-97B6-44BCC3EE19BA} = {D5CFEB70-0478-48EB-97B6-44BCC3EE19BA}
	EndProjectSection
EndProject
Project("{8BC9CEB8-8B4A-11D0-8D11-00A0C91BC942}") = "tdishrext", "tdic\tdishrext.vcproj", "{FD411E48-971E-4A50-9D05-F2797B661D50}"
	ProjectSection(ProjectDependencies) = postProject
		{2A17EA39-3217-4F9B-A794-4B3C80B40744} = {2A17EA39-3217-4F9B-A794-4B3C80B40744}
		{D5CFEB70-0478-48EB-97B6-44BCC3EE19BA} = {D5CFEB70-0478-48EB-97B6-44BCC3EE19BA}
		{DB6527B9-920C-4017-B54A-C3AF8B534696} = {DB6527B9-920C-4017-B54A-C3AF8B534696}
		{5A4F3EDD-D5B9-4C41-BBA9-DFEFE6AA92CE} = {5A4F3EDD-D5B9-4C41-BBA9-DFEFE6AA92CE}
		{CE9251F0-88C2-4DC4-B5BB-34A945DAF72F} = {CE9251F0-88C2-4DC4-B5BB-34A945DAF72F}
	EndProjectSection
EndProject
Project("{8BC9CEB8-8B4A-11D0-8D11-00A0C91BC942}") = "setevent", "setevent\setevent.vcproj", "{9D75C144-2E46-45D4-880B-220778D895E3}"
	ProjectSection(ProjectDependencies) = postProject
		{D5CFEB70-0478-48EB-97B6-44BCC3EE19BA} = {D5CFEB70-0478-48EB-97B6-44BCC3EE19BA}
	EndProjectSection
EndProject
Project("{8BC9CEB8-8B4A-11D0-8D11-00A0C91BC942}") = "servershr", "servershr\servershr.vcproj", "{DD4ADEDA-0E7B-4F3F-B07B-CB356848260F}"
	ProjectSection(ProjectDependencies) = postProject
		{2A17EA39-3217-4F9B-A794-4B3C80B40744} = {2A17EA39-3217-4F9B-A794-4B3C80B40744}
		{D5CFEB70-0478-48EB-97B6-44BCC3EE19BA} = {D5CFEB70-0478-48EB-97B6-44BCC3EE19BA}
		{BC012B9F-D0A0-45C2-BBD3-AEDF8FC849AE} = {BC012B9F-D0A0-45C2-BBD3-AEDF8FC849AE}
		{DB6527B9-920C-4017-B54A-C3AF8B534696} = {DB6527B9-920C-4017-B54A-C3AF8B534696}
		{5A4F3EDD-D5B9-4C41-BBA9-DFEFE6AA92CE} = {5A4F3EDD-D5B9-4C41-BBA9-DFEFE6AA92CE}
		{CE9251F0-88C2-4DC4-B5BB-34A945DAF72F} = {CE9251F0-88C2-4DC4-B5BB-34A945DAF72F}
	EndProjectSection
EndProject
Project("{8BC9CEB8-8B4A-11D0-8D11-00A0C91BC942}") = "remcam", "remcam\remcam.vcproj", "{EA017097-8627-4C35-9D8B-253A96797248}"
	ProjectSection(ProjectDependencies) = postProject
		{3AE1491D-58BC-4B89-A691-17D7792A12F6} = {3AE1491D-58BC-4B89-A691-17D7792A12F6}
		{DB6527B9-920C-4017-B54A-C3AF8B534696} = {DB6527B9-920C-4017-B54A-C3AF8B534696}
		{99297CBC-AE50-4919-8C21-68BB221574A7} = {99297CBC-AE50-4919-8C21-68BB221574A7}
		{CE9251F0-88C2-4DC4-B5BB-34A945DAF72F} = {CE9251F0-88C2-4DC4-B5BB-34A945DAF72F}
	EndProjectSection
EndProject
Project("{8BC9CEB8-8B4A-11D0-8D11-00A0C91BC942}") = "mdssql", "mdssql\mdssql.vcproj", "{34579291-BE7E-4509-BED6-CF66604AFA53}"
EndProject
Project("{8BC9CEB8-8B4A-11D0-8D11-00A0C91BC942}") = "mdslibidl", "mdslibidl\mdslibidl.vcproj", "{922E3532-B1ED-4E8C-A479-FDF92E538511}"
	ProjectSection(ProjectDependencies) = postProject
		{2A17EA39-3217-4F9B-A794-4B3C80B40744} = {2A17EA39-3217-4F9B-A794-4B3C80B40744}
		{D5CFEB70-0478-48EB-97B6-44BCC3EE19BA} = {D5CFEB70-0478-48EB-97B6-44BCC3EE19BA}
		{5A4F3EDD-D5B9-4C41-BBA9-DFEFE6AA92CE} = {5A4F3EDD-D5B9-4C41-BBA9-DFEFE6AA92CE}
	EndProjectSection
EndProject
Project("{8BC9CEB8-8B4A-11D0-8D11-00A0C91BC942}") = "mdslib", "mdslib\mdslib.vcproj", "{E3CB4692-1896-4B3A-9DAE-243A92BE54E4}"
	ProjectSection(ProjectDependencies) = postProject
		{2A17EA39-3217-4F9B-A794-4B3C80B40744} = {2A17EA39-3217-4F9B-A794-4B3C80B40744}
		{D5CFEB70-0478-48EB-97B6-44BCC3EE19BA} = {D5CFEB70-0478-48EB-97B6-44BCC3EE19BA}
		{DB6527B9-920C-4017-B54A-C3AF8B534696} = {DB6527B9-920C-4017-B54A-C3AF8B534696}
		{5A4F3EDD-D5B9-4C41-BBA9-DFEFE6AA92CE} = {5A4F3EDD-D5B9-4C41-BBA9-DFEFE6AA92CE}
		{CE9251F0-88C2-4DC4-B5BB-34A945DAF72F} = {CE9251F0-88C2-4DC4-B5BB-34A945DAF72F}
	EndProjectSection
EndProject
Project("{8BC9CEB8-8B4A-11D0-8D11-00A0C91BC942}") = "mdslib_client", "mdslib\mdslib_client.vcproj", "{CA150538-191A-4ACA-BB03-10D19447E4EA}"
	ProjectSection(ProjectDependencies) = postProject
		{D5CFEB70-0478-48EB-97B6-44BCC3EE19BA} = {D5CFEB70-0478-48EB-97B6-44BCC3EE19BA}
	EndProjectSection
EndProject
Project("{8BC9CEB8-8B4A-11D0-8D11-00A0C91BC942}") = "javatraverser", "javatraverser\javatraverser.vcproj", "{5A9BCCFC-3A2D-422C-8A61-CA80C2E3BAA6}"
	ProjectSection(ProjectDependencies) = postProject
		{AC9DEDE9-579F-414E-9BA9-39D519B58F76} = {AC9DEDE9-579F-414E-9BA9-39D519B58F76}
	EndProjectSection
EndProject
Project("{8BC9CEB8-8B4A-11D0-8D11-00A0C91BC942}") = "javascope", "javascope\javascope.vcproj", "{AC9DEDE9-579F-414E-9BA9-39D519B58F76}"
EndProject
Project("{8BC9CEB8-8B4A-11D0-8D11-00A0C91BC942}") = "WaveDisplay", "javascope\WaveDisplay.vcproj", "{18515822-B059-46F4-BA47-2A2DE97F07EE}"
	ProjectSection(ProjectDependencies) = postProject
		{AC9DEDE9-579F-414E-9BA9-39D519B58F76} = {AC9DEDE9-579F-414E-9BA9-39D519B58F76}
	EndProjectSection
EndProject
Project("{8BC9CEB8-8B4A-11D0-8D11-00A0C91BC942}") = "javadispatcher", "javadispatcher\javadispatcher.vcproj", "{9E84A1A9-DED1-4AD8-A654-A60249DFEEAE}"
	ProjectSection(ProjectDependencies) = postProject
		{5A9BCCFC-3A2D-422C-8A61-CA80C2E3BAA6} = {5A9BCCFC-3A2D-422C-8A61-CA80C2E3BAA6}
	EndProjectSection
EndProject
Project("{8BC9CEB8-8B4A-11D0-8D11-00A0C91BC942}") = "mdsdclshr", "mdsdcl\mdsdclshr.vcproj", "{BC012B9F-D0A0-45C2-BBD3-AEDF8FC849AE}"
	ProjectSection(ProjectDependencies) = postProject
		{3AE1491D-58BC-4B89-A691-17D7792A12F6} = {3AE1491D-58BC-4B89-A691-17D7792A12F6}
		{D5CFEB70-0478-48EB-97B6-44BCC3EE19BA} = {D5CFEB70-0478-48EB-97B6-44BCC3EE19BA}
		{99297CBC-AE50-4919-8C21-68BB221574A7} = {99297CBC-AE50-4919-8C21-68BB221574A7}
	EndProjectSection
EndProject
Project("{8BC9CEB8-8B4A-11D0-8D11-00A0C91BC942}") = "idlmdsevent", "idlmdsevent\idlmdsevent.vcproj", "{F0BA4B34-0A1C-4619-B371-B63885711FF5}"
	ProjectSection(ProjectDependencies) = postProject
		{D5CFEB70-0478-48EB-97B6-44BCC3EE19BA} = {D5CFEB70-0478-48EB-97B6-44BCC3EE19BA}
		{DB6527B9-920C-4017-B54A-C3AF8B534696} = {DB6527B9-920C-4017-B54A-C3AF8B534696}
		{CE9251F0-88C2-4DC4-B5BB-34A945DAF72F} = {CE9251F0-88C2-4DC4-B5BB-34A945DAF72F}
	EndProjectSection
EndProject
Project("{8BC9CEB8-8B4A-11D0-8D11-00A0C91BC942}") = "javamds", "javamds\javamds.vcproj", "{4CC77AA4-5CB1-43A6-AF31-99569E542CB6}"
	ProjectSection(ProjectDependencies) = postProject
		{70571434-ABCB-4148-958B-B01BFD255F5B} = {70571434-ABCB-4148-958B-B01BFD255F5B}
		{2A17EA39-3217-4F9B-A794-4B3C80B40744} = {2A17EA39-3217-4F9B-A794-4B3C80B40744}
		{D5CFEB70-0478-48EB-97B6-44BCC3EE19BA} = {D5CFEB70-0478-48EB-97B6-44BCC3EE19BA}
		{50026EB5-651F-46F8-9D68-167B03705CC1} = {50026EB5-651F-46F8-9D68-167B03705CC1}
		{DB6527B9-920C-4017-B54A-C3AF8B534696} = {DB6527B9-920C-4017-B54A-C3AF8B534696}
		{5A4F3EDD-D5B9-4C41-BBA9-DFEFE6AA92CE} = {5A4F3EDD-D5B9-4C41-BBA9-DFEFE6AA92CE}
		{CE9251F0-88C2-4DC4-B5BB-34A945DAF72F} = {CE9251F0-88C2-4DC4-B5BB-34A945DAF72F}
	EndProjectSection
EndProject
Project("{8BC9CEB8-8B4A-11D0-8D11-00A0C91BC942}") = "matlab", "matlab\matlab.vcproj", "{D677645B-0E98-4F7F-AEA1-5B703CDF0718}"
	ProjectSection(ProjectDependencies) = postProject
		{DB6527B9-920C-4017-B54A-C3AF8B534696} = {DB6527B9-920C-4017-B54A-C3AF8B534696}
	EndProjectSection
EndProject
Project("{8BC9CEB8-8B4A-11D0-8D11-00A0C91BC942}") = "mdsiptest", "mdstcpip\mdsiptest.vcproj", "{223A4FFC-7DDC-457F-A2AC-427E12C2B38E}"
	ProjectSection(ProjectDependencies) = postProject
		{DB6527B9-920C-4017-B54A-C3AF8B534696} = {DB6527B9-920C-4017-B54A-C3AF8B534696}
		{CE9251F0-88C2-4DC4-B5BB-34A945DAF72F} = {CE9251F0-88C2-4DC4-B5BB-34A945DAF72F}
	EndProjectSection
EndProject
Project("{8BC9CEB8-8B4A-11D0-8D11-00A0C91BC942}") = "mdsmisc", "mdsmisc\mdsmisc.vcproj", "{99D744ED-08F0-4733-BF64-88138339F835}"
	ProjectSection(ProjectDependencies) = postProject
		{2A17EA39-3217-4F9B-A794-4B3C80B40744} = {2A17EA39-3217-4F9B-A794-4B3C80B40744}
		{D5CFEB70-0478-48EB-97B6-44BCC3EE19BA} = {D5CFEB70-0478-48EB-97B6-44BCC3EE19BA}
		{5A4F3EDD-D5B9-4C41-BBA9-DFEFE6AA92CE} = {5A4F3EDD-D5B9-4C41-BBA9-DFEFE6AA92CE}
	EndProjectSection
EndProject
Project("{8BC9CEB8-8B4A-11D0-8D11-00A0C91BC942}") = "WinInstall", "WinInstall\WinInstall.vcproj", "{17CDEB46-A5E0-4F0A-84E7-9D5CFB1E93F6}"
EndProject
Project("{8BC9CEB8-8B4A-11D0-8D11-00A0C91BC942}") = "xtreeshr", "xtreeshr\xtreeshr.vcproj", "{7CFCEE10-42B8-40A5-9C11-BF1A6566CA08}"
	ProjectSection(ProjectDependencies) = postProject
		{2A17EA39-3217-4F9B-A794-4B3C80B40744} = {2A17EA39-3217-4F9B-A794-4B3C80B40744}
		{D5CFEB70-0478-48EB-97B6-44BCC3EE19BA} = {D5CFEB70-0478-48EB-97B6-44BCC3EE19BA}
		{5A4F3EDD-D5B9-4C41-BBA9-DFEFE6AA92CE} = {5A4F3EDD-D5B9-4C41-BBA9-DFEFE6AA92CE}
	EndProjectSection
EndProject
Project("{8BC9CEB8-8B4A-11D0-8D11-00A0C91BC942}") = "javaclient", "javaclient\javaclient.vcproj", "{726FB005-0E19-4DDA-BEA3-1FCACB7AF9E2}"
EndProject
Project("{8BC9CEB8-8B4A-11D0-8D11-00A0C91BC942}") = "cacheshr", "cacheshr\cacheshr.vcproj", "{50026EB5-651F-46F8-9D68-167B03705CC1}"
	ProjectSection(ProjectDependencies) = postProject
		{70571434-ABCB-4148-958B-B01BFD255F5B} = {70571434-ABCB-4148-958B-B01BFD255F5B}
		{2A17EA39-3217-4F9B-A794-4B3C80B40744} = {2A17EA39-3217-4F9B-A794-4B3C80B40744}
		{D5CFEB70-0478-48EB-97B6-44BCC3EE19BA} = {D5CFEB70-0478-48EB-97B6-44BCC3EE19BA}
		{5A4F3EDD-D5B9-4C41-BBA9-DFEFE6AA92CE} = {5A4F3EDD-D5B9-4C41-BBA9-DFEFE6AA92CE}
	EndProjectSection
EndProject
Project("{8BC9CEB8-8B4A-11D0-8D11-00A0C91BC942}") = "MDSobjectsCppShr", "mdsobjects\cpp\cpp.vcproj", "{41A04396-0358-4B15-AA70-A98527827069}"
	ProjectSection(ProjectDependencies) = postProject
		{70571434-ABCB-4148-958B-B01BFD255F5B} = {70571434-ABCB-4148-958B-B01BFD255F5B}
		{2A17EA39-3217-4F9B-A794-4B3C80B40744} = {2A17EA39-3217-4F9B-A794-4B3C80B40744}
		{D5CFEB70-0478-48EB-97B6-44BCC3EE19BA} = {D5CFEB70-0478-48EB-97B6-44BCC3EE19BA}
		{50026EB5-651F-46F8-9D68-167B03705CC1} = {50026EB5-651F-46F8-9D68-167B03705CC1}
		{DB6527B9-920C-4017-B54A-C3AF8B534696} = {DB6527B9-920C-4017-B54A-C3AF8B534696}
		{5A4F3EDD-D5B9-4C41-BBA9-DFEFE6AA92CE} = {5A4F3EDD-D5B9-4C41-BBA9-DFEFE6AA92CE}
		{CE9251F0-88C2-4DC4-B5BB-34A945DAF72F} = {CE9251F0-88C2-4DC4-B5BB-34A945DAF72F}
	EndProjectSection
EndProject
Project("{8BC9CEB8-8B4A-11D0-8D11-00A0C91BC942}") = "javaobjects", "mdsobjects\java\java.vcproj", "{02A1CB34-AA0D-49D9-B470-031FB1E74902}"
	ProjectSection(ProjectDependencies) = postProject
		{AC9DEDE9-579F-414E-9BA9-39D519B58F76} = {AC9DEDE9-579F-414E-9BA9-39D519B58F76}
	EndProjectSection
EndProject
Project("{8BC9CEB8-8B4A-11D0-8D11-00A0C91BC942}") = "rtevents", "rtevents\rtevents.vcproj", "{70571434-ABCB-4148-958B-B01BFD255F5B}"
	ProjectSection(ProjectDependencies) = postProject
		{D5CFEB70-0478-48EB-97B6-44BCC3EE19BA} = {D5CFEB70-0478-48EB-97B6-44BCC3EE19BA}
		{DB6527B9-920C-4017-B54A-C3AF8B534696} = {DB6527B9-920C-4017-B54A-C3AF8B534696}
	EndProjectSection
EndProject
Project("{54435603-DBB4-11D2-8724-00A0C9A8B90C}") = "Setup64", "Setup\Setup64.vdproj", "{3A843003-D903-4940-91E9-C254C0AABDAD}"
	ProjectSection(ProjectDependencies) = postProject
		{02A1CB34-AA0D-49D9-B470-031FB1E74902} = {02A1CB34-AA0D-49D9-B470-031FB1E74902}
		{FFDA5357-22C9-497B-B85C-61DF99C0F4F8} = {FFDA5357-22C9-497B-B85C-61DF99C0F4F8}
	EndProjectSection
EndProject
Project("{54435603-DBB4-11D2-8724-00A0C9A8B90C}") = "Setup32", "Setup\Setup32.vdproj", "{DE808DAC-7778-4EAC-BB42-4536786CFA40}"
	ProjectSection(ProjectDependencies) = postProject
		{922E3532-B1ED-4E8C-A479-FDF92E538511} = {922E3532-B1ED-4E8C-A479-FDF92E538511}
		{D677645B-0E98-4F7F-AEA1-5B703CDF0718} = {D677645B-0E98-4F7F-AEA1-5B703CDF0718}
	EndProjectSection
EndProject
Project("{8BC9CEB8-8B4A-11D0-8D11-00A0C91BC942}") = "javadevices", "javadevices\javadevices.vcproj", "{FFDA5357-22C9-497B-B85C-61DF99C0F4F8}"
	ProjectSection(ProjectDependencies) = postProject
		{AC9DEDE9-579F-414E-9BA9-39D519B58F76} = {AC9DEDE9-579F-414E-9BA9-39D519B58F76}
		{5A9BCCFC-3A2D-422C-8A61-CA80C2E3BAA6} = {5A9BCCFC-3A2D-422C-8A61-CA80C2E3BAA6}
	EndProjectSection
EndProject
Project("{8BC9CEB8-8B4A-11D0-8D11-00A0C91BC942}") = "MdsIpTCP", "mdstcpip\MdsIpTCP.vcproj", "{9FA03224-2FD0-4355-8D48-2BB5B3D3CAC9}"
	ProjectSection(ProjectDependencies) = postProject
		{D5CFEB70-0478-48EB-97B6-44BCC3EE19BA} = {D5CFEB70-0478-48EB-97B6-44BCC3EE19BA}
		{DB6527B9-920C-4017-B54A-C3AF8B534696} = {DB6527B9-920C-4017-B54A-C3AF8B534696}
	EndProjectSection
EndProject
Project("{8BC9CEB8-8B4A-11D0-8D11-00A0C91BC942}") = "MdsIpTunnel", "mdstcpip\MdsIpTunnel.vcproj", "{8DD429A4-60B2-4445-B77D-34E1E273AEA6}"
	ProjectSection(ProjectDependencies) = postProject
		{DB6527B9-920C-4017-B54A-C3AF8B534696} = {DB6527B9-920C-4017-B54A-C3AF8B534696}
	EndProjectSection
EndProject
Project("{8BC9CEB8-8B4A-11D0-8D11-00A0C91BC942}") = "mdsipsrvshr", "mdstcpip\mdsipsrvshr.vcproj", "{7A347F73-B927-4059-9CEE-679597B779D2}"
	ProjectSection(ProjectDependencies) = postProject
		{2A17EA39-3217-4F9B-A794-4B3C80B40744} = {2A17EA39-3217-4F9B-A794-4B3C80B40744}
		{D5CFEB70-0478-48EB-97B6-44BCC3EE19BA} = {D5CFEB70-0478-48EB-97B6-44BCC3EE19BA}
		{DB6527B9-920C-4017-B54A-C3AF8B534696} = {DB6527B9-920C-4017-B54A-C3AF8B534696}
		{5A4F3EDD-D5B9-4C41-BBA9-DFEFE6AA92CE} = {5A4F3EDD-D5B9-4C41-BBA9-DFEFE6AA92CE}
	EndProjectSection
EndProject
Project("{8BC9CEB8-8B4A-11D0-8D11-00A0C91BC942}") = "mdsip-new", "mdstcpip\mdsip-new.vcproj", "{0E32D2EA-F72D-4720-917D-6D219F244E45}"
	ProjectSection(ProjectDependencies) = postProject
		{DB6527B9-920C-4017-B54A-C3AF8B534696} = {DB6527B9-920C-4017-B54A-C3AF8B534696}
	EndProjectSection
EndProject
Project("{8BC9CEB8-8B4A-11D0-8D11-00A0C91BC942}") = "mdsipshr-new", "mdstcpip\mdsipshr-new.vcproj", "{DB6527B9-920C-4017-B54A-C3AF8B534696}"
	ProjectSection(ProjectDependencies) = postProject
		{D5CFEB70-0478-48EB-97B6-44BCC3EE19BA} = {D5CFEB70-0478-48EB-97B6-44BCC3EE19BA}
	EndProjectSection
EndProject
Project("{8BC9CEB8-8B4A-11D0-8D11-00A0C91BC942}") = "mdsip_service-new", "mdstcpip\mdsip_service-new.vcproj", "{4D8F7AFA-69F0-4D23-B8BC-4778FBF52ABA}"
	ProjectSection(ProjectDependencies) = postProject
		{7A347F73-B927-4059-9CEE-679597B779D2} = {7A347F73-B927-4059-9CEE-679597B779D2}
		{DB6527B9-920C-4017-B54A-C3AF8B534696} = {DB6527B9-920C-4017-B54A-C3AF8B534696}
	EndProjectSection
EndProject
Project("{8BC9CEB8-8B4A-11D0-8D11-00A0C91BC942}") = "MDSobjectsLVShr", "mdsobjects\labview\MDSobjectsLVShr.vcproj", "{EDB86082-C257-4799-A4A6-8A18B2CDFB6F}"
	ProjectSection(ProjectDependencies) = postProject
		{70571434-ABCB-4148-958B-B01BFD255F5B} = {70571434-ABCB-4148-958B-B01BFD255F5B}
		{D5CFEB70-0478-48EB-97B6-44BCC3EE19BA} = {D5CFEB70-0478-48EB-97B6-44BCC3EE19BA}
		{41A04396-0358-4B15-AA70-A98527827069} = {41A04396-0358-4B15-AA70-A98527827069}
		{DB6527B9-920C-4017-B54A-C3AF8B534696} = {DB6527B9-920C-4017-B54A-C3AF8B534696}
	EndProjectSection
EndProject
Global
	GlobalSection(SolutionConfigurationPlatforms) = preSolution
		Debug|Java = Debug|Java
		Debug|Setup32 = Debug|Setup32
		Debug|Setup64 = Debug|Setup64
		Debug|Win32 = Debug|Win32
		Debug|x64 = Debug|x64
		Release|Java = Release|Java
		Release|Setup32 = Release|Setup32
		Release|Setup64 = Release|Setup64
		Release|Win32 = Release|Win32
		Release|x64 = Release|x64
	EndGlobalSection
	GlobalSection(ProjectConfigurationPlatforms) = postSolution
		{D5CFEB70-0478-48EB-97B6-44BCC3EE19BA}.Debug|Java.ActiveCfg = Debug|Win32
		{D5CFEB70-0478-48EB-97B6-44BCC3EE19BA}.Debug|Setup32.ActiveCfg = Debug|Win32
		{D5CFEB70-0478-48EB-97B6-44BCC3EE19BA}.Debug|Setup64.ActiveCfg = Debug|Win32
		{D5CFEB70-0478-48EB-97B6-44BCC3EE19BA}.Debug|Win32.ActiveCfg = Debug|Win32
		{D5CFEB70-0478-48EB-97B6-44BCC3EE19BA}.Debug|Win32.Build.0 = Debug|Win32
		{D5CFEB70-0478-48EB-97B6-44BCC3EE19BA}.Debug|x64.ActiveCfg = Debug|x64
		{D5CFEB70-0478-48EB-97B6-44BCC3EE19BA}.Debug|x64.Build.0 = Debug|x64
		{D5CFEB70-0478-48EB-97B6-44BCC3EE19BA}.Release|Java.ActiveCfg = Release|Win32
		{D5CFEB70-0478-48EB-97B6-44BCC3EE19BA}.Release|Setup32.ActiveCfg = Release|Win32
		{D5CFEB70-0478-48EB-97B6-44BCC3EE19BA}.Release|Setup64.ActiveCfg = Release|Win32
		{D5CFEB70-0478-48EB-97B6-44BCC3EE19BA}.Release|Win32.ActiveCfg = Release|Win32
		{D5CFEB70-0478-48EB-97B6-44BCC3EE19BA}.Release|Win32.Build.0 = Release|Win32
		{D5CFEB70-0478-48EB-97B6-44BCC3EE19BA}.Release|x64.ActiveCfg = Release|x64
		{D5CFEB70-0478-48EB-97B6-44BCC3EE19BA}.Release|x64.Build.0 = Release|x64
		{2A17EA39-3217-4F9B-A794-4B3C80B40744}.Debug|Java.ActiveCfg = Debug|Win32
		{2A17EA39-3217-4F9B-A794-4B3C80B40744}.Debug|Setup32.ActiveCfg = Debug|Win32
		{2A17EA39-3217-4F9B-A794-4B3C80B40744}.Debug|Setup64.ActiveCfg = Debug|Win32
		{2A17EA39-3217-4F9B-A794-4B3C80B40744}.Debug|Win32.ActiveCfg = Debug|Win32
		{2A17EA39-3217-4F9B-A794-4B3C80B40744}.Debug|Win32.Build.0 = Debug|Win32
		{2A17EA39-3217-4F9B-A794-4B3C80B40744}.Debug|x64.ActiveCfg = Debug|x64
		{2A17EA39-3217-4F9B-A794-4B3C80B40744}.Debug|x64.Build.0 = Debug|x64
		{2A17EA39-3217-4F9B-A794-4B3C80B40744}.Release|Java.ActiveCfg = Release|Win32
		{2A17EA39-3217-4F9B-A794-4B3C80B40744}.Release|Setup32.ActiveCfg = Release|Win32
		{2A17EA39-3217-4F9B-A794-4B3C80B40744}.Release|Setup64.ActiveCfg = Release|Win32
		{2A17EA39-3217-4F9B-A794-4B3C80B40744}.Release|Win32.ActiveCfg = Release|Win32
		{2A17EA39-3217-4F9B-A794-4B3C80B40744}.Release|Win32.Build.0 = Release|Win32
		{2A17EA39-3217-4F9B-A794-4B3C80B40744}.Release|x64.ActiveCfg = Release|x64
		{2A17EA39-3217-4F9B-A794-4B3C80B40744}.Release|x64.Build.0 = Release|x64
		{99297CBC-AE50-4919-8C21-68BB221574A7}.Debug|Java.ActiveCfg = Debug|Win32
		{99297CBC-AE50-4919-8C21-68BB221574A7}.Debug|Setup32.ActiveCfg = Debug|Win32
		{99297CBC-AE50-4919-8C21-68BB221574A7}.Debug|Setup64.ActiveCfg = Debug|Win32
		{99297CBC-AE50-4919-8C21-68BB221574A7}.Debug|Win32.ActiveCfg = Debug|Win32
		{99297CBC-AE50-4919-8C21-68BB221574A7}.Debug|Win32.Build.0 = Debug|Win32
		{99297CBC-AE50-4919-8C21-68BB221574A7}.Debug|x64.ActiveCfg = Debug|x64
		{99297CBC-AE50-4919-8C21-68BB221574A7}.Debug|x64.Build.0 = Debug|x64
		{99297CBC-AE50-4919-8C21-68BB221574A7}.Release|Java.ActiveCfg = Release|Win32
		{99297CBC-AE50-4919-8C21-68BB221574A7}.Release|Setup32.ActiveCfg = Release|Win32
		{99297CBC-AE50-4919-8C21-68BB221574A7}.Release|Setup64.ActiveCfg = Release|Win32
		{99297CBC-AE50-4919-8C21-68BB221574A7}.Release|Win32.ActiveCfg = Release|Win32
		{99297CBC-AE50-4919-8C21-68BB221574A7}.Release|Win32.Build.0 = Release|Win32
		{99297CBC-AE50-4919-8C21-68BB221574A7}.Release|x64.ActiveCfg = Release|x64
		{99297CBC-AE50-4919-8C21-68BB221574A7}.Release|x64.Build.0 = Release|x64
		{3AE1491D-58BC-4B89-A691-17D7792A12F6}.Debug|Java.ActiveCfg = Debug|Win32
		{3AE1491D-58BC-4B89-A691-17D7792A12F6}.Debug|Setup32.ActiveCfg = Debug|Win32
		{3AE1491D-58BC-4B89-A691-17D7792A12F6}.Debug|Setup64.ActiveCfg = Debug|Win32
		{3AE1491D-58BC-4B89-A691-17D7792A12F6}.Debug|Win32.ActiveCfg = Debug|Win32
		{3AE1491D-58BC-4B89-A691-17D7792A12F6}.Debug|Win32.Build.0 = Debug|Win32
		{3AE1491D-58BC-4B89-A691-17D7792A12F6}.Debug|x64.ActiveCfg = Debug|x64
		{3AE1491D-58BC-4B89-A691-17D7792A12F6}.Debug|x64.Build.0 = Debug|x64
		{3AE1491D-58BC-4B89-A691-17D7792A12F6}.Release|Java.ActiveCfg = Release|Win32
		{3AE1491D-58BC-4B89-A691-17D7792A12F6}.Release|Setup32.ActiveCfg = Release|Win32
		{3AE1491D-58BC-4B89-A691-17D7792A12F6}.Release|Setup64.ActiveCfg = Release|Win32
		{3AE1491D-58BC-4B89-A691-17D7792A12F6}.Release|Win32.ActiveCfg = Release|Win32
		{3AE1491D-58BC-4B89-A691-17D7792A12F6}.Release|Win32.Build.0 = Release|Win32
		{3AE1491D-58BC-4B89-A691-17D7792A12F6}.Release|x64.ActiveCfg = Release|x64
		{3AE1491D-58BC-4B89-A691-17D7792A12F6}.Release|x64.Build.0 = Release|x64
		{6A93AC97-2387-4E6A-AC15-88AF49486024}.Debug|Java.ActiveCfg = Debug|Win32
		{6A93AC97-2387-4E6A-AC15-88AF49486024}.Debug|Setup32.ActiveCfg = Debug|Win32
		{6A93AC97-2387-4E6A-AC15-88AF49486024}.Debug|Setup64.ActiveCfg = Debug|Win32
		{6A93AC97-2387-4E6A-AC15-88AF49486024}.Debug|Win32.ActiveCfg = Debug|Win32
		{6A93AC97-2387-4E6A-AC15-88AF49486024}.Debug|Win32.Build.0 = Debug|Win32
		{6A93AC97-2387-4E6A-AC15-88AF49486024}.Debug|x64.ActiveCfg = Debug|x64
		{6A93AC97-2387-4E6A-AC15-88AF49486024}.Debug|x64.Build.0 = Debug|x64
		{6A93AC97-2387-4E6A-AC15-88AF49486024}.Release|Java.ActiveCfg = Release|Win32
		{6A93AC97-2387-4E6A-AC15-88AF49486024}.Release|Setup32.ActiveCfg = Release|Win32
		{6A93AC97-2387-4E6A-AC15-88AF49486024}.Release|Setup64.ActiveCfg = Release|Win32
		{6A93AC97-2387-4E6A-AC15-88AF49486024}.Release|Win32.ActiveCfg = Release|Win32
		{6A93AC97-2387-4E6A-AC15-88AF49486024}.Release|Win32.Build.0 = Release|Win32
		{6A93AC97-2387-4E6A-AC15-88AF49486024}.Release|x64.ActiveCfg = Release|x64
		{6A93AC97-2387-4E6A-AC15-88AF49486024}.Release|x64.Build.0 = Release|x64
		{61C6DDA9-EB30-45DF-A585-2E53CBF08FA5}.Debug|Java.ActiveCfg = Debug|Win32
		{61C6DDA9-EB30-45DF-A585-2E53CBF08FA5}.Debug|Setup32.ActiveCfg = Debug|Win32
		{61C6DDA9-EB30-45DF-A585-2E53CBF08FA5}.Debug|Setup64.ActiveCfg = Debug|Win32
		{61C6DDA9-EB30-45DF-A585-2E53CBF08FA5}.Debug|Win32.ActiveCfg = Debug|Win32
		{61C6DDA9-EB30-45DF-A585-2E53CBF08FA5}.Debug|Win32.Build.0 = Debug|Win32
		{61C6DDA9-EB30-45DF-A585-2E53CBF08FA5}.Debug|x64.ActiveCfg = Debug|x64
		{61C6DDA9-EB30-45DF-A585-2E53CBF08FA5}.Release|Java.ActiveCfg = Release|Win32
		{61C6DDA9-EB30-45DF-A585-2E53CBF08FA5}.Release|Setup32.ActiveCfg = Release|Win32
		{61C6DDA9-EB30-45DF-A585-2E53CBF08FA5}.Release|Setup64.ActiveCfg = Release|Win32
		{61C6DDA9-EB30-45DF-A585-2E53CBF08FA5}.Release|Win32.ActiveCfg = Release|Win32
		{61C6DDA9-EB30-45DF-A585-2E53CBF08FA5}.Release|Win32.Build.0 = Release|Win32
		{61C6DDA9-EB30-45DF-A585-2E53CBF08FA5}.Release|x64.ActiveCfg = Release|Win32
		{1840D777-4616-44AB-92EA-482CE23AE0C4}.Debug|Java.ActiveCfg = Debug|Win32
		{1840D777-4616-44AB-92EA-482CE23AE0C4}.Debug|Setup32.ActiveCfg = Debug|Win32
		{1840D777-4616-44AB-92EA-482CE23AE0C4}.Debug|Setup64.ActiveCfg = Debug|Win32
		{1840D777-4616-44AB-92EA-482CE23AE0C4}.Debug|Win32.ActiveCfg = Debug|Win32
		{1840D777-4616-44AB-92EA-482CE23AE0C4}.Debug|Win32.Build.0 = Debug|Win32
		{1840D777-4616-44AB-92EA-482CE23AE0C4}.Debug|x64.ActiveCfg = Debug|x64
		{1840D777-4616-44AB-92EA-482CE23AE0C4}.Debug|x64.Build.0 = Debug|x64
		{1840D777-4616-44AB-92EA-482CE23AE0C4}.Release|Java.ActiveCfg = Release|Win32
		{1840D777-4616-44AB-92EA-482CE23AE0C4}.Release|Setup32.ActiveCfg = Release|Win32
		{1840D777-4616-44AB-92EA-482CE23AE0C4}.Release|Setup64.ActiveCfg = Release|Win32
		{1840D777-4616-44AB-92EA-482CE23AE0C4}.Release|Win32.ActiveCfg = Release|Win32
		{1840D777-4616-44AB-92EA-482CE23AE0C4}.Release|Win32.Build.0 = Release|Win32
		{1840D777-4616-44AB-92EA-482CE23AE0C4}.Release|x64.ActiveCfg = Release|x64
		{1840D777-4616-44AB-92EA-482CE23AE0C4}.Release|x64.Build.0 = Release|x64
		{5A4F3EDD-D5B9-4C41-BBA9-DFEFE6AA92CE}.Debug|Java.ActiveCfg = Debug|Win32
		{5A4F3EDD-D5B9-4C41-BBA9-DFEFE6AA92CE}.Debug|Setup32.ActiveCfg = Debug|Win32
		{5A4F3EDD-D5B9-4C41-BBA9-DFEFE6AA92CE}.Debug|Setup64.ActiveCfg = Debug|Win32
		{5A4F3EDD-D5B9-4C41-BBA9-DFEFE6AA92CE}.Debug|Win32.ActiveCfg = Debug|Win32
		{5A4F3EDD-D5B9-4C41-BBA9-DFEFE6AA92CE}.Debug|Win32.Build.0 = Debug|Win32
		{5A4F3EDD-D5B9-4C41-BBA9-DFEFE6AA92CE}.Debug|x64.ActiveCfg = Debug|x64
		{5A4F3EDD-D5B9-4C41-BBA9-DFEFE6AA92CE}.Debug|x64.Build.0 = Debug|x64
		{5A4F3EDD-D5B9-4C41-BBA9-DFEFE6AA92CE}.Release|Java.ActiveCfg = Release|Win32
		{5A4F3EDD-D5B9-4C41-BBA9-DFEFE6AA92CE}.Release|Setup32.ActiveCfg = Release|Win32
		{5A4F3EDD-D5B9-4C41-BBA9-DFEFE6AA92CE}.Release|Setup64.ActiveCfg = Release|Win32
		{5A4F3EDD-D5B9-4C41-BBA9-DFEFE6AA92CE}.Release|Win32.ActiveCfg = Release|Win32
		{5A4F3EDD-D5B9-4C41-BBA9-DFEFE6AA92CE}.Release|Win32.Build.0 = Release|Win32
		{5A4F3EDD-D5B9-4C41-BBA9-DFEFE6AA92CE}.Release|x64.ActiveCfg = Release|x64
		{5A4F3EDD-D5B9-4C41-BBA9-DFEFE6AA92CE}.Release|x64.Build.0 = Release|x64
		{7DF59EF2-4243-4758-9490-DAC5E8A7413D}.Debug|Java.ActiveCfg = Debug|Win32
		{7DF59EF2-4243-4758-9490-DAC5E8A7413D}.Debug|Setup32.ActiveCfg = Debug|Win32
		{7DF59EF2-4243-4758-9490-DAC5E8A7413D}.Debug|Setup64.ActiveCfg = Debug|Win32
		{7DF59EF2-4243-4758-9490-DAC5E8A7413D}.Debug|Win32.ActiveCfg = Debug|Win32
		{7DF59EF2-4243-4758-9490-DAC5E8A7413D}.Debug|x64.ActiveCfg = Debug|x64
		{7DF59EF2-4243-4758-9490-DAC5E8A7413D}.Release|Java.ActiveCfg = Release|Win32
		{7DF59EF2-4243-4758-9490-DAC5E8A7413D}.Release|Setup32.ActiveCfg = Release|Win32
		{7DF59EF2-4243-4758-9490-DAC5E8A7413D}.Release|Setup64.ActiveCfg = Release|Win32
		{7DF59EF2-4243-4758-9490-DAC5E8A7413D}.Release|Win32.ActiveCfg = Release|Win32
		{7DF59EF2-4243-4758-9490-DAC5E8A7413D}.Release|x64.ActiveCfg = Release|x64
		{CE9251F0-88C2-4DC4-B5BB-34A945DAF72F}.Debug|Java.ActiveCfg = Debug|Win32
		{CE9251F0-88C2-4DC4-B5BB-34A945DAF72F}.Debug|Setup32.ActiveCfg = Debug|Win32
		{CE9251F0-88C2-4DC4-B5BB-34A945DAF72F}.Debug|Setup64.ActiveCfg = Debug|Win32
		{CE9251F0-88C2-4DC4-B5BB-34A945DAF72F}.Debug|Win32.ActiveCfg = Debug|Win32
		{CE9251F0-88C2-4DC4-B5BB-34A945DAF72F}.Debug|x64.ActiveCfg = Debug|x64
		{CE9251F0-88C2-4DC4-B5BB-34A945DAF72F}.Release|Java.ActiveCfg = Release|Win32
		{CE9251F0-88C2-4DC4-B5BB-34A945DAF72F}.Release|Setup32.ActiveCfg = Release|Win32
		{CE9251F0-88C2-4DC4-B5BB-34A945DAF72F}.Release|Setup64.ActiveCfg = Release|Win32
		{CE9251F0-88C2-4DC4-B5BB-34A945DAF72F}.Release|Win32.ActiveCfg = Release|Win32
		{CE9251F0-88C2-4DC4-B5BB-34A945DAF72F}.Release|x64.ActiveCfg = Release|x64
		{8D93B629-E718-4D28-B4CC-6AE70396C239}.Debug|Java.ActiveCfg = Debug|Win32
		{8D93B629-E718-4D28-B4CC-6AE70396C239}.Debug|Setup32.ActiveCfg = Debug|Win32
		{8D93B629-E718-4D28-B4CC-6AE70396C239}.Debug|Setup64.ActiveCfg = Debug|Win32
		{8D93B629-E718-4D28-B4CC-6AE70396C239}.Debug|Win32.ActiveCfg = Debug|Win32
		{8D93B629-E718-4D28-B4CC-6AE70396C239}.Debug|x64.ActiveCfg = Debug|x64
		{8D93B629-E718-4D28-B4CC-6AE70396C239}.Release|Java.ActiveCfg = Release|Win32
		{8D93B629-E718-4D28-B4CC-6AE70396C239}.Release|Setup32.ActiveCfg = Release|Win32
		{8D93B629-E718-4D28-B4CC-6AE70396C239}.Release|Setup64.ActiveCfg = Release|Win32
		{8D93B629-E718-4D28-B4CC-6AE70396C239}.Release|Win32.ActiveCfg = Release|Win32
		{8D93B629-E718-4D28-B4CC-6AE70396C239}.Release|x64.ActiveCfg = Release|x64
		{E6FD307D-6271-4AFC-A251-176486DDBB1A}.Debug|Java.ActiveCfg = Debug|Win32
		{E6FD307D-6271-4AFC-A251-176486DDBB1A}.Debug|Setup32.ActiveCfg = Debug|Win32
		{E6FD307D-6271-4AFC-A251-176486DDBB1A}.Debug|Setup64.ActiveCfg = Debug|Win32
		{E6FD307D-6271-4AFC-A251-176486DDBB1A}.Debug|Win32.ActiveCfg = Debug|Win32
		{E6FD307D-6271-4AFC-A251-176486DDBB1A}.Debug|Win32.Build.0 = Debug|Win32
		{E6FD307D-6271-4AFC-A251-176486DDBB1A}.Debug|x64.ActiveCfg = Debug|x64
		{E6FD307D-6271-4AFC-A251-176486DDBB1A}.Debug|x64.Build.0 = Debug|x64
		{E6FD307D-6271-4AFC-A251-176486DDBB1A}.Release|Java.ActiveCfg = Release|Win32
		{E6FD307D-6271-4AFC-A251-176486DDBB1A}.Release|Setup32.ActiveCfg = Release|Win32
		{E6FD307D-6271-4AFC-A251-176486DDBB1A}.Release|Setup64.ActiveCfg = Release|Win32
		{E6FD307D-6271-4AFC-A251-176486DDBB1A}.Release|Win32.ActiveCfg = Release|Win32
		{E6FD307D-6271-4AFC-A251-176486DDBB1A}.Release|Win32.Build.0 = Release|Win32
		{E6FD307D-6271-4AFC-A251-176486DDBB1A}.Release|x64.ActiveCfg = Release|x64
		{E6FD307D-6271-4AFC-A251-176486DDBB1A}.Release|x64.Build.0 = Release|x64
		{8DB32398-14AC-41A0-B494-E7A9EF54EC29}.Debug|Java.ActiveCfg = Debug|Win32
		{8DB32398-14AC-41A0-B494-E7A9EF54EC29}.Debug|Setup32.ActiveCfg = Debug|Win32
		{8DB32398-14AC-41A0-B494-E7A9EF54EC29}.Debug|Setup64.ActiveCfg = Debug|Win32
		{8DB32398-14AC-41A0-B494-E7A9EF54EC29}.Debug|Win32.ActiveCfg = Debug|Win32
		{8DB32398-14AC-41A0-B494-E7A9EF54EC29}.Debug|Win32.Build.0 = Debug|Win32
		{8DB32398-14AC-41A0-B494-E7A9EF54EC29}.Debug|x64.ActiveCfg = Debug|x64
		{8DB32398-14AC-41A0-B494-E7A9EF54EC29}.Debug|x64.Build.0 = Debug|x64
		{8DB32398-14AC-41A0-B494-E7A9EF54EC29}.Release|Java.ActiveCfg = Release|Win32
		{8DB32398-14AC-41A0-B494-E7A9EF54EC29}.Release|Setup32.ActiveCfg = Release|Win32
		{8DB32398-14AC-41A0-B494-E7A9EF54EC29}.Release|Setup64.ActiveCfg = Release|Win32
		{8DB32398-14AC-41A0-B494-E7A9EF54EC29}.Release|Win32.ActiveCfg = Release|Win32
		{8DB32398-14AC-41A0-B494-E7A9EF54EC29}.Release|Win32.Build.0 = Release|Win32
		{8DB32398-14AC-41A0-B494-E7A9EF54EC29}.Release|x64.ActiveCfg = Release|x64
		{8DB32398-14AC-41A0-B494-E7A9EF54EC29}.Release|x64.Build.0 = Release|x64
		{95946597-D0C9-43AF-BBD6-106312A7AFCB}.Debug|Java.ActiveCfg = Debug|Win32
		{95946597-D0C9-43AF-BBD6-106312A7AFCB}.Debug|Setup32.ActiveCfg = Debug|Win32
		{95946597-D0C9-43AF-BBD6-106312A7AFCB}.Debug|Setup64.ActiveCfg = Debug|Win32
		{95946597-D0C9-43AF-BBD6-106312A7AFCB}.Debug|Win32.ActiveCfg = Debug|Win32
		{95946597-D0C9-43AF-BBD6-106312A7AFCB}.Debug|Win32.Build.0 = Debug|Win32
		{95946597-D0C9-43AF-BBD6-106312A7AFCB}.Debug|x64.ActiveCfg = Debug|x64
		{95946597-D0C9-43AF-BBD6-106312A7AFCB}.Debug|x64.Build.0 = Debug|x64
		{95946597-D0C9-43AF-BBD6-106312A7AFCB}.Release|Java.ActiveCfg = Release|Win32
		{95946597-D0C9-43AF-BBD6-106312A7AFCB}.Release|Setup32.ActiveCfg = Release|Win32
		{95946597-D0C9-43AF-BBD6-106312A7AFCB}.Release|Setup64.ActiveCfg = Release|Win32
		{95946597-D0C9-43AF-BBD6-106312A7AFCB}.Release|Win32.ActiveCfg = Release|Win32
		{95946597-D0C9-43AF-BBD6-106312A7AFCB}.Release|Win32.Build.0 = Release|Win32
		{95946597-D0C9-43AF-BBD6-106312A7AFCB}.Release|x64.ActiveCfg = Release|x64
		{95946597-D0C9-43AF-BBD6-106312A7AFCB}.Release|x64.Build.0 = Release|x64
		{FD411E48-971E-4A50-9D05-F2797B661D50}.Debug|Java.ActiveCfg = Debug|Win32
		{FD411E48-971E-4A50-9D05-F2797B661D50}.Debug|Setup32.ActiveCfg = Debug|Win32
		{FD411E48-971E-4A50-9D05-F2797B661D50}.Debug|Setup64.ActiveCfg = Debug|Win32
		{FD411E48-971E-4A50-9D05-F2797B661D50}.Debug|Win32.ActiveCfg = Debug|Win32
		{FD411E48-971E-4A50-9D05-F2797B661D50}.Debug|Win32.Build.0 = Debug|Win32
		{FD411E48-971E-4A50-9D05-F2797B661D50}.Debug|x64.ActiveCfg = Debug|x64
		{FD411E48-971E-4A50-9D05-F2797B661D50}.Debug|x64.Build.0 = Debug|x64
		{FD411E48-971E-4A50-9D05-F2797B661D50}.Release|Java.ActiveCfg = Release|Win32
		{FD411E48-971E-4A50-9D05-F2797B661D50}.Release|Setup32.ActiveCfg = Release|Win32
		{FD411E48-971E-4A50-9D05-F2797B661D50}.Release|Setup64.ActiveCfg = Release|Win32
		{FD411E48-971E-4A50-9D05-F2797B661D50}.Release|Win32.ActiveCfg = Release|Win32
		{FD411E48-971E-4A50-9D05-F2797B661D50}.Release|Win32.Build.0 = Release|Win32
		{FD411E48-971E-4A50-9D05-F2797B661D50}.Release|x64.ActiveCfg = Release|x64
		{FD411E48-971E-4A50-9D05-F2797B661D50}.Release|x64.Build.0 = Release|x64
		{9D75C144-2E46-45D4-880B-220778D895E3}.Debug|Java.ActiveCfg = Debug|Win32
		{9D75C144-2E46-45D4-880B-220778D895E3}.Debug|Setup32.ActiveCfg = Debug|Win32
		{9D75C144-2E46-45D4-880B-220778D895E3}.Debug|Setup64.ActiveCfg = Debug|Win32
		{9D75C144-2E46-45D4-880B-220778D895E3}.Debug|Win32.ActiveCfg = Debug|Win32
		{9D75C144-2E46-45D4-880B-220778D895E3}.Debug|Win32.Build.0 = Debug|Win32
		{9D75C144-2E46-45D4-880B-220778D895E3}.Debug|x64.ActiveCfg = Debug|x64
		{9D75C144-2E46-45D4-880B-220778D895E3}.Debug|x64.Build.0 = Debug|x64
		{9D75C144-2E46-45D4-880B-220778D895E3}.Release|Java.ActiveCfg = Release|Win32
		{9D75C144-2E46-45D4-880B-220778D895E3}.Release|Setup32.ActiveCfg = Release|Win32
		{9D75C144-2E46-45D4-880B-220778D895E3}.Release|Setup64.ActiveCfg = Release|Win32
		{9D75C144-2E46-45D4-880B-220778D895E3}.Release|Win32.ActiveCfg = Release|Win32
		{9D75C144-2E46-45D4-880B-220778D895E3}.Release|Win32.Build.0 = Release|Win32
		{9D75C144-2E46-45D4-880B-220778D895E3}.Release|x64.ActiveCfg = Release|x64
		{9D75C144-2E46-45D4-880B-220778D895E3}.Release|x64.Build.0 = Release|x64
		{DD4ADEDA-0E7B-4F3F-B07B-CB356848260F}.Debug|Java.ActiveCfg = Debug|Win32
		{DD4ADEDA-0E7B-4F3F-B07B-CB356848260F}.Debug|Setup32.ActiveCfg = Debug|Win32
		{DD4ADEDA-0E7B-4F3F-B07B-CB356848260F}.Debug|Setup64.ActiveCfg = Debug|Win32
		{DD4ADEDA-0E7B-4F3F-B07B-CB356848260F}.Debug|Win32.ActiveCfg = Debug|Win32
		{DD4ADEDA-0E7B-4F3F-B07B-CB356848260F}.Debug|Win32.Build.0 = Debug|Win32
		{DD4ADEDA-0E7B-4F3F-B07B-CB356848260F}.Debug|x64.ActiveCfg = Debug|x64
		{DD4ADEDA-0E7B-4F3F-B07B-CB356848260F}.Debug|x64.Build.0 = Debug|x64
		{DD4ADEDA-0E7B-4F3F-B07B-CB356848260F}.Release|Java.ActiveCfg = Release|Win32
		{DD4ADEDA-0E7B-4F3F-B07B-CB356848260F}.Release|Setup32.ActiveCfg = Release|Win32
		{DD4ADEDA-0E7B-4F3F-B07B-CB356848260F}.Release|Setup64.ActiveCfg = Release|Win32
		{DD4ADEDA-0E7B-4F3F-B07B-CB356848260F}.Release|Win32.ActiveCfg = Release|Win32
		{DD4ADEDA-0E7B-4F3F-B07B-CB356848260F}.Release|Win32.Build.0 = Release|Win32
		{DD4ADEDA-0E7B-4F3F-B07B-CB356848260F}.Release|x64.ActiveCfg = Release|x64
		{DD4ADEDA-0E7B-4F3F-B07B-CB356848260F}.Release|x64.Build.0 = Release|x64
		{EA017097-8627-4C35-9D8B-253A96797248}.Debug|Java.ActiveCfg = Debug|Win32
		{EA017097-8627-4C35-9D8B-253A96797248}.Debug|Setup32.ActiveCfg = Debug|Win32
		{EA017097-8627-4C35-9D8B-253A96797248}.Debug|Setup64.ActiveCfg = Debug|Win32
		{EA017097-8627-4C35-9D8B-253A96797248}.Debug|Win32.ActiveCfg = Debug|Win32
		{EA017097-8627-4C35-9D8B-253A96797248}.Debug|Win32.Build.0 = Debug|Win32
		{EA017097-8627-4C35-9D8B-253A96797248}.Debug|x64.ActiveCfg = Debug|x64
		{EA017097-8627-4C35-9D8B-253A96797248}.Debug|x64.Build.0 = Debug|x64
		{EA017097-8627-4C35-9D8B-253A96797248}.Release|Java.ActiveCfg = Release|Win32
		{EA017097-8627-4C35-9D8B-253A96797248}.Release|Setup32.ActiveCfg = Release|Win32
		{EA017097-8627-4C35-9D8B-253A96797248}.Release|Setup64.ActiveCfg = Release|Win32
		{EA017097-8627-4C35-9D8B-253A96797248}.Release|Win32.ActiveCfg = Release|Win32
		{EA017097-8627-4C35-9D8B-253A96797248}.Release|Win32.Build.0 = Release|Win32
		{EA017097-8627-4C35-9D8B-253A96797248}.Release|x64.ActiveCfg = Release|x64
		{EA017097-8627-4C35-9D8B-253A96797248}.Release|x64.Build.0 = Release|x64
		{34579291-BE7E-4509-BED6-CF66604AFA53}.Debug|Java.ActiveCfg = Debug|Win32
		{34579291-BE7E-4509-BED6-CF66604AFA53}.Debug|Setup32.ActiveCfg = Debug|Win32
		{34579291-BE7E-4509-BED6-CF66604AFA53}.Debug|Setup64.ActiveCfg = Debug|Win32
		{34579291-BE7E-4509-BED6-CF66604AFA53}.Debug|Win32.ActiveCfg = Debug|Win32
		{34579291-BE7E-4509-BED6-CF66604AFA53}.Debug|Win32.Build.0 = Debug|Win32
		{34579291-BE7E-4509-BED6-CF66604AFA53}.Debug|x64.ActiveCfg = Debug|x64
		{34579291-BE7E-4509-BED6-CF66604AFA53}.Release|Java.ActiveCfg = Release|Win32
		{34579291-BE7E-4509-BED6-CF66604AFA53}.Release|Setup32.ActiveCfg = Release|Win32
		{34579291-BE7E-4509-BED6-CF66604AFA53}.Release|Setup64.ActiveCfg = Release|Win32
		{34579291-BE7E-4509-BED6-CF66604AFA53}.Release|Win32.ActiveCfg = Release|Win32
		{34579291-BE7E-4509-BED6-CF66604AFA53}.Release|Win32.Build.0 = Release|Win32
		{34579291-BE7E-4509-BED6-CF66604AFA53}.Release|x64.ActiveCfg = Release|x64
		{922E3532-B1ED-4E8C-A479-FDF92E538511}.Debug|Java.ActiveCfg = Debug|Win32
		{922E3532-B1ED-4E8C-A479-FDF92E538511}.Debug|Setup32.ActiveCfg = Debug|Win32
		{922E3532-B1ED-4E8C-A479-FDF92E538511}.Debug|Setup64.ActiveCfg = Debug|Win32
		{922E3532-B1ED-4E8C-A479-FDF92E538511}.Debug|Win32.ActiveCfg = Debug|Win32
		{922E3532-B1ED-4E8C-A479-FDF92E538511}.Debug|Win32.Build.0 = Debug|Win32
		{922E3532-B1ED-4E8C-A479-FDF92E538511}.Debug|x64.ActiveCfg = Debug|x64
		{922E3532-B1ED-4E8C-A479-FDF92E538511}.Debug|x64.Build.0 = Debug|x64
		{922E3532-B1ED-4E8C-A479-FDF92E538511}.Release|Java.ActiveCfg = Release|Win32
		{922E3532-B1ED-4E8C-A479-FDF92E538511}.Release|Setup32.ActiveCfg = Release|Win32
		{922E3532-B1ED-4E8C-A479-FDF92E538511}.Release|Setup64.ActiveCfg = Release|Win32
		{922E3532-B1ED-4E8C-A479-FDF92E538511}.Release|Win32.ActiveCfg = Release|Win32
		{922E3532-B1ED-4E8C-A479-FDF92E538511}.Release|Win32.Build.0 = Release|Win32
		{922E3532-B1ED-4E8C-A479-FDF92E538511}.Release|x64.ActiveCfg = Release|x64
		{922E3532-B1ED-4E8C-A479-FDF92E538511}.Release|x64.Build.0 = Release|x64
		{E3CB4692-1896-4B3A-9DAE-243A92BE54E4}.Debug|Java.ActiveCfg = Debug|Win32
		{E3CB4692-1896-4B3A-9DAE-243A92BE54E4}.Debug|Setup32.ActiveCfg = Debug|Win32
		{E3CB4692-1896-4B3A-9DAE-243A92BE54E4}.Debug|Setup64.ActiveCfg = Debug|Win32
		{E3CB4692-1896-4B3A-9DAE-243A92BE54E4}.Debug|Win32.ActiveCfg = Debug|Win32
		{E3CB4692-1896-4B3A-9DAE-243A92BE54E4}.Debug|Win32.Build.0 = Debug|Win32
		{E3CB4692-1896-4B3A-9DAE-243A92BE54E4}.Debug|x64.ActiveCfg = Debug|x64
		{E3CB4692-1896-4B3A-9DAE-243A92BE54E4}.Debug|x64.Build.0 = Debug|x64
		{E3CB4692-1896-4B3A-9DAE-243A92BE54E4}.Release|Java.ActiveCfg = Release|Win32
		{E3CB4692-1896-4B3A-9DAE-243A92BE54E4}.Release|Setup32.ActiveCfg = Release|Win32
		{E3CB4692-1896-4B3A-9DAE-243A92BE54E4}.Release|Setup64.ActiveCfg = Release|Win32
		{E3CB4692-1896-4B3A-9DAE-243A92BE54E4}.Release|Win32.ActiveCfg = Release|Win32
		{E3CB4692-1896-4B3A-9DAE-243A92BE54E4}.Release|Win32.Build.0 = Release|Win32
		{E3CB4692-1896-4B3A-9DAE-243A92BE54E4}.Release|x64.ActiveCfg = Release|x64
		{E3CB4692-1896-4B3A-9DAE-243A92BE54E4}.Release|x64.Build.0 = Release|x64
		{CA150538-191A-4ACA-BB03-10D19447E4EA}.Debug|Java.ActiveCfg = Debug|Win32
		{CA150538-191A-4ACA-BB03-10D19447E4EA}.Debug|Setup32.ActiveCfg = Debug|Win32
		{CA150538-191A-4ACA-BB03-10D19447E4EA}.Debug|Setup64.ActiveCfg = Debug|Win32
		{CA150538-191A-4ACA-BB03-10D19447E4EA}.Debug|Win32.ActiveCfg = Debug|Win32
		{CA150538-191A-4ACA-BB03-10D19447E4EA}.Debug|Win32.Build.0 = Debug|Win32
		{CA150538-191A-4ACA-BB03-10D19447E4EA}.Debug|x64.ActiveCfg = Debug|x64
		{CA150538-191A-4ACA-BB03-10D19447E4EA}.Debug|x64.Build.0 = Debug|x64
		{CA150538-191A-4ACA-BB03-10D19447E4EA}.Release|Java.ActiveCfg = Release|Win32
		{CA150538-191A-4ACA-BB03-10D19447E4EA}.Release|Setup32.ActiveCfg = Release|Win32
		{CA150538-191A-4ACA-BB03-10D19447E4EA}.Release|Setup64.ActiveCfg = Release|Win32
		{CA150538-191A-4ACA-BB03-10D19447E4EA}.Release|Win32.ActiveCfg = Release|Win32
		{CA150538-191A-4ACA-BB03-10D19447E4EA}.Release|Win32.Build.0 = Release|Win32
		{CA150538-191A-4ACA-BB03-10D19447E4EA}.Release|x64.ActiveCfg = Release|x64
		{CA150538-191A-4ACA-BB03-10D19447E4EA}.Release|x64.Build.0 = Release|x64
		{5A9BCCFC-3A2D-422C-8A61-CA80C2E3BAA6}.Debug|Java.ActiveCfg = Debug|Win32
		{5A9BCCFC-3A2D-422C-8A61-CA80C2E3BAA6}.Debug|Java.Build.0 = Debug|Win32
		{5A9BCCFC-3A2D-422C-8A61-CA80C2E3BAA6}.Debug|Setup32.ActiveCfg = Debug|Win32
		{5A9BCCFC-3A2D-422C-8A61-CA80C2E3BAA6}.Debug|Setup64.ActiveCfg = Debug|Win32
		{5A9BCCFC-3A2D-422C-8A61-CA80C2E3BAA6}.Debug|Win32.ActiveCfg = Debug|Win32
		{5A9BCCFC-3A2D-422C-8A61-CA80C2E3BAA6}.Debug|x64.ActiveCfg = Debug|x64
		{5A9BCCFC-3A2D-422C-8A61-CA80C2E3BAA6}.Release|Java.ActiveCfg = Release|Win32
		{5A9BCCFC-3A2D-422C-8A61-CA80C2E3BAA6}.Release|Java.Build.0 = Release|Win32
		{5A9BCCFC-3A2D-422C-8A61-CA80C2E3BAA6}.Release|Setup32.ActiveCfg = Release|Win32
		{5A9BCCFC-3A2D-422C-8A61-CA80C2E3BAA6}.Release|Setup64.ActiveCfg = Release|Win32
		{5A9BCCFC-3A2D-422C-8A61-CA80C2E3BAA6}.Release|Win32.ActiveCfg = Release|Win32
		{5A9BCCFC-3A2D-422C-8A61-CA80C2E3BAA6}.Release|x64.ActiveCfg = Release|x64
		{AC9DEDE9-579F-414E-9BA9-39D519B58F76}.Debug|Java.ActiveCfg = Debug|Win32
		{AC9DEDE9-579F-414E-9BA9-39D519B58F76}.Debug|Java.Build.0 = Debug|Win32
		{AC9DEDE9-579F-414E-9BA9-39D519B58F76}.Debug|Setup32.ActiveCfg = Debug|Win32
		{AC9DEDE9-579F-414E-9BA9-39D519B58F76}.Debug|Setup64.ActiveCfg = Debug|Win32
		{AC9DEDE9-579F-414E-9BA9-39D519B58F76}.Debug|Win32.ActiveCfg = Debug|Win32
		{AC9DEDE9-579F-414E-9BA9-39D519B58F76}.Debug|x64.ActiveCfg = Debug|x64
		{AC9DEDE9-579F-414E-9BA9-39D519B58F76}.Release|Java.ActiveCfg = Release|Win32
		{AC9DEDE9-579F-414E-9BA9-39D519B58F76}.Release|Java.Build.0 = Release|Win32
		{AC9DEDE9-579F-414E-9BA9-39D519B58F76}.Release|Setup32.ActiveCfg = Release|Win32
		{AC9DEDE9-579F-414E-9BA9-39D519B58F76}.Release|Setup64.ActiveCfg = Release|Win32
		{AC9DEDE9-579F-414E-9BA9-39D519B58F76}.Release|Win32.ActiveCfg = Release|Win32
		{AC9DEDE9-579F-414E-9BA9-39D519B58F76}.Release|x64.ActiveCfg = Release|x64
		{18515822-B059-46F4-BA47-2A2DE97F07EE}.Debug|Java.ActiveCfg = Debug|Win32
		{18515822-B059-46F4-BA47-2A2DE97F07EE}.Debug|Java.Build.0 = Debug|Win32
		{18515822-B059-46F4-BA47-2A2DE97F07EE}.Debug|Setup32.ActiveCfg = Debug|Win32
		{18515822-B059-46F4-BA47-2A2DE97F07EE}.Debug|Setup64.ActiveCfg = Debug|Win32
		{18515822-B059-46F4-BA47-2A2DE97F07EE}.Debug|Win32.ActiveCfg = Debug|Win32
		{18515822-B059-46F4-BA47-2A2DE97F07EE}.Debug|x64.ActiveCfg = Debug|x64
		{18515822-B059-46F4-BA47-2A2DE97F07EE}.Release|Java.ActiveCfg = Release|Win32
		{18515822-B059-46F4-BA47-2A2DE97F07EE}.Release|Java.Build.0 = Release|Win32
		{18515822-B059-46F4-BA47-2A2DE97F07EE}.Release|Setup32.ActiveCfg = Release|Win32
		{18515822-B059-46F4-BA47-2A2DE97F07EE}.Release|Setup64.ActiveCfg = Release|Win32
		{18515822-B059-46F4-BA47-2A2DE97F07EE}.Release|Win32.ActiveCfg = Release|Win32
		{18515822-B059-46F4-BA47-2A2DE97F07EE}.Release|x64.ActiveCfg = Release|x64
		{9E84A1A9-DED1-4AD8-A654-A60249DFEEAE}.Debug|Java.ActiveCfg = Debug|Win32
		{9E84A1A9-DED1-4AD8-A654-A60249DFEEAE}.Debug|Java.Build.0 = Debug|Win32
		{9E84A1A9-DED1-4AD8-A654-A60249DFEEAE}.Debug|Setup32.ActiveCfg = Debug|Win32
		{9E84A1A9-DED1-4AD8-A654-A60249DFEEAE}.Debug|Setup64.ActiveCfg = Debug|Win32
		{9E84A1A9-DED1-4AD8-A654-A60249DFEEAE}.Debug|Win32.ActiveCfg = Debug|Win32
		{9E84A1A9-DED1-4AD8-A654-A60249DFEEAE}.Debug|x64.ActiveCfg = Debug|x64
		{9E84A1A9-DED1-4AD8-A654-A60249DFEEAE}.Release|Java.ActiveCfg = Release|Win32
		{9E84A1A9-DED1-4AD8-A654-A60249DFEEAE}.Release|Java.Build.0 = Release|Win32
		{9E84A1A9-DED1-4AD8-A654-A60249DFEEAE}.Release|Setup32.ActiveCfg = Release|Win32
		{9E84A1A9-DED1-4AD8-A654-A60249DFEEAE}.Release|Setup64.ActiveCfg = Release|Win32
		{9E84A1A9-DED1-4AD8-A654-A60249DFEEAE}.Release|Win32.ActiveCfg = Release|Win32
		{9E84A1A9-DED1-4AD8-A654-A60249DFEEAE}.Release|x64.ActiveCfg = Release|x64
		{BC012B9F-D0A0-45C2-BBD3-AEDF8FC849AE}.Debug|Java.ActiveCfg = Debug|Win32
		{BC012B9F-D0A0-45C2-BBD3-AEDF8FC849AE}.Debug|Setup32.ActiveCfg = Debug|Win32
		{BC012B9F-D0A0-45C2-BBD3-AEDF8FC849AE}.Debug|Setup64.ActiveCfg = Debug|Win32
		{BC012B9F-D0A0-45C2-BBD3-AEDF8FC849AE}.Debug|Win32.ActiveCfg = Debug|Win32
		{BC012B9F-D0A0-45C2-BBD3-AEDF8FC849AE}.Debug|Win32.Build.0 = Debug|Win32
		{BC012B9F-D0A0-45C2-BBD3-AEDF8FC849AE}.Debug|x64.ActiveCfg = Debug|x64
		{BC012B9F-D0A0-45C2-BBD3-AEDF8FC849AE}.Debug|x64.Build.0 = Debug|x64
		{BC012B9F-D0A0-45C2-BBD3-AEDF8FC849AE}.Release|Java.ActiveCfg = Release|Win32
		{BC012B9F-D0A0-45C2-BBD3-AEDF8FC849AE}.Release|Setup32.ActiveCfg = Release|Win32
		{BC012B9F-D0A0-45C2-BBD3-AEDF8FC849AE}.Release|Setup64.ActiveCfg = Release|Win32
		{BC012B9F-D0A0-45C2-BBD3-AEDF8FC849AE}.Release|Win32.ActiveCfg = Release|Win32
		{BC012B9F-D0A0-45C2-BBD3-AEDF8FC849AE}.Release|Win32.Build.0 = Release|Win32
		{BC012B9F-D0A0-45C2-BBD3-AEDF8FC849AE}.Release|x64.ActiveCfg = Release|x64
		{BC012B9F-D0A0-45C2-BBD3-AEDF8FC849AE}.Release|x64.Build.0 = Release|x64
		{F0BA4B34-0A1C-4619-B371-B63885711FF5}.Debug|Java.ActiveCfg = Debug|Win32
		{F0BA4B34-0A1C-4619-B371-B63885711FF5}.Debug|Setup32.ActiveCfg = Debug|Win32
		{F0BA4B34-0A1C-4619-B371-B63885711FF5}.Debug|Setup64.ActiveCfg = Debug|Win32
		{F0BA4B34-0A1C-4619-B371-B63885711FF5}.Debug|Win32.ActiveCfg = Debug|Win32
		{F0BA4B34-0A1C-4619-B371-B63885711FF5}.Debug|Win32.Build.0 = Debug|Win32
		{F0BA4B34-0A1C-4619-B371-B63885711FF5}.Debug|x64.ActiveCfg = Debug|x64
		{F0BA4B34-0A1C-4619-B371-B63885711FF5}.Debug|x64.Build.0 = Debug|x64
		{F0BA4B34-0A1C-4619-B371-B63885711FF5}.Release|Java.ActiveCfg = Release|Win32
		{F0BA4B34-0A1C-4619-B371-B63885711FF5}.Release|Setup32.ActiveCfg = Release|Win32
		{F0BA4B34-0A1C-4619-B371-B63885711FF5}.Release|Setup64.ActiveCfg = Release|Win32
		{F0BA4B34-0A1C-4619-B371-B63885711FF5}.Release|Win32.ActiveCfg = Release|Win32
		{F0BA4B34-0A1C-4619-B371-B63885711FF5}.Release|Win32.Build.0 = Release|Win32
		{F0BA4B34-0A1C-4619-B371-B63885711FF5}.Release|x64.ActiveCfg = Release|x64
		{F0BA4B34-0A1C-4619-B371-B63885711FF5}.Release|x64.Build.0 = Release|x64
		{4CC77AA4-5CB1-43A6-AF31-99569E542CB6}.Debug|Java.ActiveCfg = Debug|Win32
		{4CC77AA4-5CB1-43A6-AF31-99569E542CB6}.Debug|Java.Build.0 = Debug|Win32
		{4CC77AA4-5CB1-43A6-AF31-99569E542CB6}.Debug|Setup32.ActiveCfg = Debug|Win32
		{4CC77AA4-5CB1-43A6-AF31-99569E542CB6}.Debug|Setup64.ActiveCfg = Debug|Win32
		{4CC77AA4-5CB1-43A6-AF31-99569E542CB6}.Debug|Win32.ActiveCfg = Debug|Win32
		{4CC77AA4-5CB1-43A6-AF31-99569E542CB6}.Debug|Win32.Build.0 = Debug|Win32
		{4CC77AA4-5CB1-43A6-AF31-99569E542CB6}.Debug|x64.ActiveCfg = Debug|x64
		{4CC77AA4-5CB1-43A6-AF31-99569E542CB6}.Debug|x64.Build.0 = Debug|x64
		{4CC77AA4-5CB1-43A6-AF31-99569E542CB6}.Release|Java.ActiveCfg = Release|Win32
		{4CC77AA4-5CB1-43A6-AF31-99569E542CB6}.Release|Setup32.ActiveCfg = Release|Win32
		{4CC77AA4-5CB1-43A6-AF31-99569E542CB6}.Release|Setup64.ActiveCfg = Release|Win32
		{4CC77AA4-5CB1-43A6-AF31-99569E542CB6}.Release|Win32.ActiveCfg = Release|Win32
		{4CC77AA4-5CB1-43A6-AF31-99569E542CB6}.Release|Win32.Build.0 = Release|Win32
		{4CC77AA4-5CB1-43A6-AF31-99569E542CB6}.Release|x64.ActiveCfg = Release|x64
		{4CC77AA4-5CB1-43A6-AF31-99569E542CB6}.Release|x64.Build.0 = Release|x64
		{D677645B-0E98-4F7F-AEA1-5B703CDF0718}.Debug|Java.ActiveCfg = Debug|Win32
		{D677645B-0E98-4F7F-AEA1-5B703CDF0718}.Debug|Setup32.ActiveCfg = Debug|Win32
		{D677645B-0E98-4F7F-AEA1-5B703CDF0718}.Debug|Setup64.ActiveCfg = Debug|Win32
		{D677645B-0E98-4F7F-AEA1-5B703CDF0718}.Debug|Win32.ActiveCfg = Debug|Win32
		{D677645B-0E98-4F7F-AEA1-5B703CDF0718}.Debug|Win32.Build.0 = Debug|Win32
		{D677645B-0E98-4F7F-AEA1-5B703CDF0718}.Debug|x64.ActiveCfg = Debug|x64
		{D677645B-0E98-4F7F-AEA1-5B703CDF0718}.Debug|x64.Build.0 = Debug|x64
		{D677645B-0E98-4F7F-AEA1-5B703CDF0718}.Release|Java.ActiveCfg = Release|Win32
		{D677645B-0E98-4F7F-AEA1-5B703CDF0718}.Release|Setup32.ActiveCfg = Release|Win32
		{D677645B-0E98-4F7F-AEA1-5B703CDF0718}.Release|Setup64.ActiveCfg = Release|Win32
		{D677645B-0E98-4F7F-AEA1-5B703CDF0718}.Release|Win32.ActiveCfg = Release|Win32
		{D677645B-0E98-4F7F-AEA1-5B703CDF0718}.Release|Win32.Build.0 = Release|Win32
		{D677645B-0E98-4F7F-AEA1-5B703CDF0718}.Release|x64.ActiveCfg = Release|x64
		{D677645B-0E98-4F7F-AEA1-5B703CDF0718}.Release|x64.Build.0 = Release|x64
		{223A4FFC-7DDC-457F-A2AC-427E12C2B38E}.Debug|Java.ActiveCfg = Debug|Win32
		{223A4FFC-7DDC-457F-A2AC-427E12C2B38E}.Debug|Setup32.ActiveCfg = Debug|Win32
		{223A4FFC-7DDC-457F-A2AC-427E12C2B38E}.Debug|Setup64.ActiveCfg = Debug|Win32
		{223A4FFC-7DDC-457F-A2AC-427E12C2B38E}.Debug|Win32.ActiveCfg = Debug|Win32
		{223A4FFC-7DDC-457F-A2AC-427E12C2B38E}.Debug|Win32.Build.0 = Debug|Win32
		{223A4FFC-7DDC-457F-A2AC-427E12C2B38E}.Debug|x64.ActiveCfg = Debug|x64
		{223A4FFC-7DDC-457F-A2AC-427E12C2B38E}.Debug|x64.Build.0 = Debug|x64
		{223A4FFC-7DDC-457F-A2AC-427E12C2B38E}.Release|Java.ActiveCfg = Release|Win32
		{223A4FFC-7DDC-457F-A2AC-427E12C2B38E}.Release|Setup32.ActiveCfg = Release|Win32
		{223A4FFC-7DDC-457F-A2AC-427E12C2B38E}.Release|Setup64.ActiveCfg = Release|Win32
		{223A4FFC-7DDC-457F-A2AC-427E12C2B38E}.Release|Win32.ActiveCfg = Release|Win32
		{223A4FFC-7DDC-457F-A2AC-427E12C2B38E}.Release|Win32.Build.0 = Release|Win32
		{223A4FFC-7DDC-457F-A2AC-427E12C2B38E}.Release|x64.ActiveCfg = Release|x64
		{223A4FFC-7DDC-457F-A2AC-427E12C2B38E}.Release|x64.Build.0 = Release|x64
		{99D744ED-08F0-4733-BF64-88138339F835}.Debug|Java.ActiveCfg = Debug|Win32
		{99D744ED-08F0-4733-BF64-88138339F835}.Debug|Setup32.ActiveCfg = Debug|Win32
		{99D744ED-08F0-4733-BF64-88138339F835}.Debug|Setup64.ActiveCfg = Debug|Win32
		{99D744ED-08F0-4733-BF64-88138339F835}.Debug|Win32.ActiveCfg = Debug|Win32
		{99D744ED-08F0-4733-BF64-88138339F835}.Debug|Win32.Build.0 = Debug|Win32
		{99D744ED-08F0-4733-BF64-88138339F835}.Debug|x64.ActiveCfg = Debug|x64
		{99D744ED-08F0-4733-BF64-88138339F835}.Debug|x64.Build.0 = Debug|x64
		{99D744ED-08F0-4733-BF64-88138339F835}.Release|Java.ActiveCfg = Release|Win32
		{99D744ED-08F0-4733-BF64-88138339F835}.Release|Setup32.ActiveCfg = Release|Win32
		{99D744ED-08F0-4733-BF64-88138339F835}.Release|Setup64.ActiveCfg = Release|Win32
		{99D744ED-08F0-4733-BF64-88138339F835}.Release|Win32.ActiveCfg = Release|Win32
		{99D744ED-08F0-4733-BF64-88138339F835}.Release|Win32.Build.0 = Release|Win32
		{99D744ED-08F0-4733-BF64-88138339F835}.Release|x64.ActiveCfg = Release|x64
		{99D744ED-08F0-4733-BF64-88138339F835}.Release|x64.Build.0 = Release|x64
		{17CDEB46-A5E0-4F0A-84E7-9D5CFB1E93F6}.Debug|Java.ActiveCfg = Debug|Win32
		{17CDEB46-A5E0-4F0A-84E7-9D5CFB1E93F6}.Debug|Setup32.ActiveCfg = Debug|Win32
		{17CDEB46-A5E0-4F0A-84E7-9D5CFB1E93F6}.Debug|Setup64.ActiveCfg = Debug|Win32
		{17CDEB46-A5E0-4F0A-84E7-9D5CFB1E93F6}.Debug|Win32.ActiveCfg = Debug|Win32
		{17CDEB46-A5E0-4F0A-84E7-9D5CFB1E93F6}.Debug|Win32.Build.0 = Debug|Win32
		{17CDEB46-A5E0-4F0A-84E7-9D5CFB1E93F6}.Debug|x64.ActiveCfg = Debug|x64
		{17CDEB46-A5E0-4F0A-84E7-9D5CFB1E93F6}.Debug|x64.Build.0 = Debug|x64
		{17CDEB46-A5E0-4F0A-84E7-9D5CFB1E93F6}.Release|Java.ActiveCfg = Release|Win32
		{17CDEB46-A5E0-4F0A-84E7-9D5CFB1E93F6}.Release|Setup32.ActiveCfg = Release|Win32
		{17CDEB46-A5E0-4F0A-84E7-9D5CFB1E93F6}.Release|Setup64.ActiveCfg = Release|Win32
		{17CDEB46-A5E0-4F0A-84E7-9D5CFB1E93F6}.Release|Win32.ActiveCfg = Release|Win32
		{17CDEB46-A5E0-4F0A-84E7-9D5CFB1E93F6}.Release|Win32.Build.0 = Release|Win32
		{17CDEB46-A5E0-4F0A-84E7-9D5CFB1E93F6}.Release|x64.ActiveCfg = Release|x64
		{17CDEB46-A5E0-4F0A-84E7-9D5CFB1E93F6}.Release|x64.Build.0 = Release|x64
		{7CFCEE10-42B8-40A5-9C11-BF1A6566CA08}.Debug|Java.ActiveCfg = Debug|Win32
		{7CFCEE10-42B8-40A5-9C11-BF1A6566CA08}.Debug|Setup32.ActiveCfg = Debug|Win32
		{7CFCEE10-42B8-40A5-9C11-BF1A6566CA08}.Debug|Setup64.ActiveCfg = Debug|Win32
		{7CFCEE10-42B8-40A5-9C11-BF1A6566CA08}.Debug|Win32.ActiveCfg = Debug|Win32
		{7CFCEE10-42B8-40A5-9C11-BF1A6566CA08}.Debug|Win32.Build.0 = Debug|Win32
		{7CFCEE10-42B8-40A5-9C11-BF1A6566CA08}.Debug|x64.ActiveCfg = Debug|x64
		{7CFCEE10-42B8-40A5-9C11-BF1A6566CA08}.Debug|x64.Build.0 = Debug|x64
		{7CFCEE10-42B8-40A5-9C11-BF1A6566CA08}.Release|Java.ActiveCfg = Release|Win32
		{7CFCEE10-42B8-40A5-9C11-BF1A6566CA08}.Release|Setup32.ActiveCfg = Release|Win32
		{7CFCEE10-42B8-40A5-9C11-BF1A6566CA08}.Release|Setup64.ActiveCfg = Release|Win32
		{7CFCEE10-42B8-40A5-9C11-BF1A6566CA08}.Release|Win32.ActiveCfg = Release|Win32
		{7CFCEE10-42B8-40A5-9C11-BF1A6566CA08}.Release|Win32.Build.0 = Release|Win32
		{7CFCEE10-42B8-40A5-9C11-BF1A6566CA08}.Release|x64.ActiveCfg = Release|x64
		{7CFCEE10-42B8-40A5-9C11-BF1A6566CA08}.Release|x64.Build.0 = Release|x64
		{726FB005-0E19-4DDA-BEA3-1FCACB7AF9E2}.Debug|Java.ActiveCfg = Debug|Win32
		{726FB005-0E19-4DDA-BEA3-1FCACB7AF9E2}.Debug|Java.Build.0 = Debug|Win32
		{726FB005-0E19-4DDA-BEA3-1FCACB7AF9E2}.Debug|Setup32.ActiveCfg = Debug|Win32
		{726FB005-0E19-4DDA-BEA3-1FCACB7AF9E2}.Debug|Setup64.ActiveCfg = Debug|Win32
		{726FB005-0E19-4DDA-BEA3-1FCACB7AF9E2}.Debug|Win32.ActiveCfg = Debug|Win32
		{726FB005-0E19-4DDA-BEA3-1FCACB7AF9E2}.Debug|x64.ActiveCfg = Debug|x64
		{726FB005-0E19-4DDA-BEA3-1FCACB7AF9E2}.Release|Java.ActiveCfg = Release|Win32
		{726FB005-0E19-4DDA-BEA3-1FCACB7AF9E2}.Release|Java.Build.0 = Release|Win32
		{726FB005-0E19-4DDA-BEA3-1FCACB7AF9E2}.Release|Setup32.ActiveCfg = Release|Win32
		{726FB005-0E19-4DDA-BEA3-1FCACB7AF9E2}.Release|Setup64.ActiveCfg = Release|Win32
		{726FB005-0E19-4DDA-BEA3-1FCACB7AF9E2}.Release|Win32.ActiveCfg = Release|Win32
		{726FB005-0E19-4DDA-BEA3-1FCACB7AF9E2}.Release|x64.ActiveCfg = Release|x64
		{50026EB5-651F-46F8-9D68-167B03705CC1}.Debug|Java.ActiveCfg = Debug|Win32
		{50026EB5-651F-46F8-9D68-167B03705CC1}.Debug|Setup32.ActiveCfg = Debug|Win32
		{50026EB5-651F-46F8-9D68-167B03705CC1}.Debug|Setup64.ActiveCfg = Debug|Win32
		{50026EB5-651F-46F8-9D68-167B03705CC1}.Debug|Win32.ActiveCfg = Debug|Win32
		{50026EB5-651F-46F8-9D68-167B03705CC1}.Debug|Win32.Build.0 = Debug|Win32
		{50026EB5-651F-46F8-9D68-167B03705CC1}.Debug|x64.ActiveCfg = Debug|x64
		{50026EB5-651F-46F8-9D68-167B03705CC1}.Debug|x64.Build.0 = Debug|x64
		{50026EB5-651F-46F8-9D68-167B03705CC1}.Release|Java.ActiveCfg = Release|Win32
		{50026EB5-651F-46F8-9D68-167B03705CC1}.Release|Setup32.ActiveCfg = Release|Win32
		{50026EB5-651F-46F8-9D68-167B03705CC1}.Release|Setup64.ActiveCfg = Release|Win32
		{50026EB5-651F-46F8-9D68-167B03705CC1}.Release|Win32.ActiveCfg = Release|Win32
		{50026EB5-651F-46F8-9D68-167B03705CC1}.Release|Win32.Build.0 = Release|Win32
		{50026EB5-651F-46F8-9D68-167B03705CC1}.Release|x64.ActiveCfg = Release|x64
		{50026EB5-651F-46F8-9D68-167B03705CC1}.Release|x64.Build.0 = Release|x64
		{41A04396-0358-4B15-AA70-A98527827069}.Debug|Java.ActiveCfg = Debug|Win32
		{41A04396-0358-4B15-AA70-A98527827069}.Debug|Setup32.ActiveCfg = Debug|Win32
		{41A04396-0358-4B15-AA70-A98527827069}.Debug|Setup64.ActiveCfg = Debug|Win32
		{41A04396-0358-4B15-AA70-A98527827069}.Debug|Win32.ActiveCfg = Debug|Win32
		{41A04396-0358-4B15-AA70-A98527827069}.Debug|Win32.Build.0 = Debug|Win32
		{41A04396-0358-4B15-AA70-A98527827069}.Debug|x64.ActiveCfg = Debug|x64
		{41A04396-0358-4B15-AA70-A98527827069}.Debug|x64.Build.0 = Debug|x64
		{41A04396-0358-4B15-AA70-A98527827069}.Release|Java.ActiveCfg = Release|Win32
		{41A04396-0358-4B15-AA70-A98527827069}.Release|Setup32.ActiveCfg = Release|Win32
		{41A04396-0358-4B15-AA70-A98527827069}.Release|Setup64.ActiveCfg = Release|Win32
		{41A04396-0358-4B15-AA70-A98527827069}.Release|Win32.ActiveCfg = Release|Win32
		{41A04396-0358-4B15-AA70-A98527827069}.Release|Win32.Build.0 = Release|Win32
		{41A04396-0358-4B15-AA70-A98527827069}.Release|x64.ActiveCfg = Release|x64
		{41A04396-0358-4B15-AA70-A98527827069}.Release|x64.Build.0 = Release|x64
		{02A1CB34-AA0D-49D9-B470-031FB1E74902}.Debug|Java.ActiveCfg = Debug|Win32
		{02A1CB34-AA0D-49D9-B470-031FB1E74902}.Debug|Java.Build.0 = Debug|Win32
		{02A1CB34-AA0D-49D9-B470-031FB1E74902}.Debug|Setup32.ActiveCfg = Debug|Win32
		{02A1CB34-AA0D-49D9-B470-031FB1E74902}.Debug|Setup64.ActiveCfg = Debug|Win32
		{02A1CB34-AA0D-49D9-B470-031FB1E74902}.Debug|Win32.ActiveCfg = Debug|Win32
		{02A1CB34-AA0D-49D9-B470-031FB1E74902}.Debug|x64.ActiveCfg = Debug|x64
		{02A1CB34-AA0D-49D9-B470-031FB1E74902}.Release|Java.ActiveCfg = Release|Win32
		{02A1CB34-AA0D-49D9-B470-031FB1E74902}.Release|Java.Build.0 = Release|Win32
		{02A1CB34-AA0D-49D9-B470-031FB1E74902}.Release|Setup32.ActiveCfg = Release|Win32
		{02A1CB34-AA0D-49D9-B470-031FB1E74902}.Release|Setup64.ActiveCfg = Release|Win32
		{02A1CB34-AA0D-49D9-B470-031FB1E74902}.Release|Win32.ActiveCfg = Release|Win32
		{02A1CB34-AA0D-49D9-B470-031FB1E74902}.Release|x64.ActiveCfg = Release|x64
		{70571434-ABCB-4148-958B-B01BFD255F5B}.Debug|Java.ActiveCfg = Debug|Win32
		{70571434-ABCB-4148-958B-B01BFD255F5B}.Debug|Setup32.ActiveCfg = Debug|Win32
		{70571434-ABCB-4148-958B-B01BFD255F5B}.Debug|Setup64.ActiveCfg = Debug|Win32
		{70571434-ABCB-4148-958B-B01BFD255F5B}.Debug|Win32.ActiveCfg = Debug|Win32
		{70571434-ABCB-4148-958B-B01BFD255F5B}.Debug|Win32.Build.0 = Debug|Win32
		{70571434-ABCB-4148-958B-B01BFD255F5B}.Debug|x64.ActiveCfg = Debug|x64
		{70571434-ABCB-4148-958B-B01BFD255F5B}.Release|Java.ActiveCfg = Release|Win32
		{70571434-ABCB-4148-958B-B01BFD255F5B}.Release|Setup32.ActiveCfg = Release|Win32
		{70571434-ABCB-4148-958B-B01BFD255F5B}.Release|Setup64.ActiveCfg = Release|Win32
		{70571434-ABCB-4148-958B-B01BFD255F5B}.Release|Win32.ActiveCfg = Release|Win32
		{70571434-ABCB-4148-958B-B01BFD255F5B}.Release|Win32.Build.0 = Release|Win32
		{70571434-ABCB-4148-958B-B01BFD255F5B}.Release|x64.ActiveCfg = Release|x64
		{70571434-ABCB-4148-958B-B01BFD255F5B}.Release|x64.Build.0 = Release|x64
		{3A843003-D903-4940-91E9-C254C0AABDAD}.Debug|Java.ActiveCfg = Release
		{3A843003-D903-4940-91E9-C254C0AABDAD}.Debug|Java.Build.0 = Release
		{3A843003-D903-4940-91E9-C254C0AABDAD}.Debug|Setup32.ActiveCfg = Release
		{3A843003-D903-4940-91E9-C254C0AABDAD}.Debug|Setup32.Build.0 = Release
		{3A843003-D903-4940-91E9-C254C0AABDAD}.Debug|Setup64.ActiveCfg = Release
		{3A843003-D903-4940-91E9-C254C0AABDAD}.Debug|Setup64.Build.0 = Release
		{3A843003-D903-4940-91E9-C254C0AABDAD}.Debug|Win32.ActiveCfg = Release
		{3A843003-D903-4940-91E9-C254C0AABDAD}.Debug|Win32.Build.0 = Release
		{3A843003-D903-4940-91E9-C254C0AABDAD}.Debug|x64.ActiveCfg = Release
		{3A843003-D903-4940-91E9-C254C0AABDAD}.Debug|x64.Build.0 = Release
		{3A843003-D903-4940-91E9-C254C0AABDAD}.Release|Java.ActiveCfg = Release
		{3A843003-D903-4940-91E9-C254C0AABDAD}.Release|Setup32.ActiveCfg = Release
		{3A843003-D903-4940-91E9-C254C0AABDAD}.Release|Setup64.ActiveCfg = Release
		{3A843003-D903-4940-91E9-C254C0AABDAD}.Release|Setup64.Build.0 = Release
		{3A843003-D903-4940-91E9-C254C0AABDAD}.Release|Win32.ActiveCfg = Release
		{3A843003-D903-4940-91E9-C254C0AABDAD}.Release|x64.ActiveCfg = Release
		{DE808DAC-7778-4EAC-BB42-4536786CFA40}.Debug|Java.ActiveCfg = Release
		{DE808DAC-7778-4EAC-BB42-4536786CFA40}.Debug|Java.Build.0 = Release
		{DE808DAC-7778-4EAC-BB42-4536786CFA40}.Debug|Setup32.ActiveCfg = Release
		{DE808DAC-7778-4EAC-BB42-4536786CFA40}.Debug|Setup32.Build.0 = Release
		{DE808DAC-7778-4EAC-BB42-4536786CFA40}.Debug|Setup64.ActiveCfg = Release
		{DE808DAC-7778-4EAC-BB42-4536786CFA40}.Debug|Setup64.Build.0 = Release
		{DE808DAC-7778-4EAC-BB42-4536786CFA40}.Debug|Win32.ActiveCfg = Release
		{DE808DAC-7778-4EAC-BB42-4536786CFA40}.Debug|Win32.Build.0 = Release
		{DE808DAC-7778-4EAC-BB42-4536786CFA40}.Debug|x64.ActiveCfg = Release
		{DE808DAC-7778-4EAC-BB42-4536786CFA40}.Debug|x64.Build.0 = Release
		{DE808DAC-7778-4EAC-BB42-4536786CFA40}.Release|Java.ActiveCfg = Release
		{DE808DAC-7778-4EAC-BB42-4536786CFA40}.Release|Setup32.ActiveCfg = Release
		{DE808DAC-7778-4EAC-BB42-4536786CFA40}.Release|Setup32.Build.0 = Release
		{DE808DAC-7778-4EAC-BB42-4536786CFA40}.Release|Setup64.ActiveCfg = Release
		{DE808DAC-7778-4EAC-BB42-4536786CFA40}.Release|Win32.ActiveCfg = Release
		{DE808DAC-7778-4EAC-BB42-4536786CFA40}.Release|x64.ActiveCfg = Release
		{FFDA5357-22C9-497B-B85C-61DF99C0F4F8}.Debug|Java.ActiveCfg = Debug|Win32
		{FFDA5357-22C9-497B-B85C-61DF99C0F4F8}.Debug|Java.Build.0 = Debug|Win32
		{FFDA5357-22C9-497B-B85C-61DF99C0F4F8}.Debug|Setup32.ActiveCfg = Debug|Win32
		{FFDA5357-22C9-497B-B85C-61DF99C0F4F8}.Debug|Setup64.ActiveCfg = Debug|Win32
		{FFDA5357-22C9-497B-B85C-61DF99C0F4F8}.Debug|Win32.ActiveCfg = Debug|Win32
		{FFDA5357-22C9-497B-B85C-61DF99C0F4F8}.Debug|x64.ActiveCfg = Debug|Win32
		{FFDA5357-22C9-497B-B85C-61DF99C0F4F8}.Release|Java.ActiveCfg = Release|Win32
		{FFDA5357-22C9-497B-B85C-61DF99C0F4F8}.Release|Java.Build.0 = Release|Win32
		{FFDA5357-22C9-497B-B85C-61DF99C0F4F8}.Release|Setup32.ActiveCfg = Release|Win32
		{FFDA5357-22C9-497B-B85C-61DF99C0F4F8}.Release|Setup64.ActiveCfg = Release|Win32
		{FFDA5357-22C9-497B-B85C-61DF99C0F4F8}.Release|Win32.ActiveCfg = Release|Win32
		{FFDA5357-22C9-497B-B85C-61DF99C0F4F8}.Release|x64.ActiveCfg = Release|Win32
		{9FA03224-2FD0-4355-8D48-2BB5B3D3CAC9}.Debug|Java.ActiveCfg = Debug|Win32
		{9FA03224-2FD0-4355-8D48-2BB5B3D3CAC9}.Debug|Setup32.ActiveCfg = Debug|Win32
		{9FA03224-2FD0-4355-8D48-2BB5B3D3CAC9}.Debug|Setup64.ActiveCfg = Debug|Win32
		{9FA03224-2FD0-4355-8D48-2BB5B3D3CAC9}.Debug|Win32.ActiveCfg = Debug|Win32
		{9FA03224-2FD0-4355-8D48-2BB5B3D3CAC9}.Debug|Win32.Build.0 = Debug|Win32
		{9FA03224-2FD0-4355-8D48-2BB5B3D3CAC9}.Debug|x64.ActiveCfg = Debug|x64
		{9FA03224-2FD0-4355-8D48-2BB5B3D3CAC9}.Debug|x64.Build.0 = Debug|x64
		{9FA03224-2FD0-4355-8D48-2BB5B3D3CAC9}.Release|Java.ActiveCfg = Release|Win32
		{9FA03224-2FD0-4355-8D48-2BB5B3D3CAC9}.Release|Setup32.ActiveCfg = Release|Win32
		{9FA03224-2FD0-4355-8D48-2BB5B3D3CAC9}.Release|Setup64.ActiveCfg = Release|Win32
		{9FA03224-2FD0-4355-8D48-2BB5B3D3CAC9}.Release|Win32.ActiveCfg = Release|Win32
		{9FA03224-2FD0-4355-8D48-2BB5B3D3CAC9}.Release|Win32.Build.0 = Release|Win32
		{9FA03224-2FD0-4355-8D48-2BB5B3D3CAC9}.Release|x64.ActiveCfg = Release|x64
		{9FA03224-2FD0-4355-8D48-2BB5B3D3CAC9}.Release|x64.Build.0 = Release|x64
		{8DD429A4-60B2-4445-B77D-34E1E273AEA6}.Debug|Java.ActiveCfg = Debug|Win32
		{8DD429A4-60B2-4445-B77D-34E1E273AEA6}.Debug|Setup32.ActiveCfg = Debug|Win32
		{8DD429A4-60B2-4445-B77D-34E1E273AEA6}.Debug|Setup64.ActiveCfg = Debug|Win32
		{8DD429A4-60B2-4445-B77D-34E1E273AEA6}.Debug|Win32.ActiveCfg = Debug|Win32
		{8DD429A4-60B2-4445-B77D-34E1E273AEA6}.Debug|Win32.Build.0 = Debug|Win32
		{8DD429A4-60B2-4445-B77D-34E1E273AEA6}.Debug|x64.ActiveCfg = Debug|x64
		{8DD429A4-60B2-4445-B77D-34E1E273AEA6}.Debug|x64.Build.0 = Debug|x64
		{8DD429A4-60B2-4445-B77D-34E1E273AEA6}.Release|Java.ActiveCfg = Release|Win32
		{8DD429A4-60B2-4445-B77D-34E1E273AEA6}.Release|Setup32.ActiveCfg = Release|Win32
		{8DD429A4-60B2-4445-B77D-34E1E273AEA6}.Release|Setup64.ActiveCfg = Release|Win32
		{8DD429A4-60B2-4445-B77D-34E1E273AEA6}.Release|Win32.ActiveCfg = Release|Win32
		{8DD429A4-60B2-4445-B77D-34E1E273AEA6}.Release|Win32.Build.0 = Release|Win32
		{8DD429A4-60B2-4445-B77D-34E1E273AEA6}.Release|x64.ActiveCfg = Release|x64
		{8DD429A4-60B2-4445-B77D-34E1E273AEA6}.Release|x64.Build.0 = Release|x64
		{7A347F73-B927-4059-9CEE-679597B779D2}.Debug|Java.ActiveCfg = Debug|Win32
		{7A347F73-B927-4059-9CEE-679597B779D2}.Debug|Setup32.ActiveCfg = Debug|Win32
		{7A347F73-B927-4059-9CEE-679597B779D2}.Debug|Setup64.ActiveCfg = Debug|Win32
		{7A347F73-B927-4059-9CEE-679597B779D2}.Debug|Win32.ActiveCfg = Debug|Win32
		{7A347F73-B927-4059-9CEE-679597B779D2}.Debug|Win32.Build.0 = Debug|Win32
		{7A347F73-B927-4059-9CEE-679597B779D2}.Debug|x64.ActiveCfg = Debug|x64
		{7A347F73-B927-4059-9CEE-679597B779D2}.Debug|x64.Build.0 = Debug|x64
		{7A347F73-B927-4059-9CEE-679597B779D2}.Release|Java.ActiveCfg = Release|Win32
		{7A347F73-B927-4059-9CEE-679597B779D2}.Release|Setup32.ActiveCfg = Release|Win32
		{7A347F73-B927-4059-9CEE-679597B779D2}.Release|Setup64.ActiveCfg = Release|Win32
		{7A347F73-B927-4059-9CEE-679597B779D2}.Release|Win32.ActiveCfg = Release|Win32
		{7A347F73-B927-4059-9CEE-679597B779D2}.Release|Win32.Build.0 = Release|Win32
		{7A347F73-B927-4059-9CEE-679597B779D2}.Release|x64.ActiveCfg = Release|x64
		{7A347F73-B927-4059-9CEE-679597B779D2}.Release|x64.Build.0 = Release|x64
		{0E32D2EA-F72D-4720-917D-6D219F244E45}.Debug|Java.ActiveCfg = Debug|x64
		{0E32D2EA-F72D-4720-917D-6D219F244E45}.Debug|Setup32.ActiveCfg = Debug|x64
		{0E32D2EA-F72D-4720-917D-6D219F244E45}.Debug|Setup64.ActiveCfg = Debug|x64
		{0E32D2EA-F72D-4720-917D-6D219F244E45}.Debug|Win32.ActiveCfg = Debug|Win32
		{0E32D2EA-F72D-4720-917D-6D219F244E45}.Debug|Win32.Build.0 = Debug|Win32
		{0E32D2EA-F72D-4720-917D-6D219F244E45}.Debug|x64.ActiveCfg = Debug|x64
		{0E32D2EA-F72D-4720-917D-6D219F244E45}.Debug|x64.Build.0 = Debug|x64
		{0E32D2EA-F72D-4720-917D-6D219F244E45}.Release|Java.ActiveCfg = Release|x64
		{0E32D2EA-F72D-4720-917D-6D219F244E45}.Release|Setup32.ActiveCfg = Release|x64
		{0E32D2EA-F72D-4720-917D-6D219F244E45}.Release|Setup64.ActiveCfg = Release|x64
		{0E32D2EA-F72D-4720-917D-6D219F244E45}.Release|Win32.ActiveCfg = Release|Win32
		{0E32D2EA-F72D-4720-917D-6D219F244E45}.Release|Win32.Build.0 = Release|Win32
		{0E32D2EA-F72D-4720-917D-6D219F244E45}.Release|x64.ActiveCfg = Release|x64
		{0E32D2EA-F72D-4720-917D-6D219F244E45}.Release|x64.Build.0 = Release|x64
		{DB6527B9-920C-4017-B54A-C3AF8B534696}.Debug|Java.ActiveCfg = Debug|x64
		{DB6527B9-920C-4017-B54A-C3AF8B534696}.Debug|Setup32.ActiveCfg = Debug|x64
		{DB6527B9-920C-4017-B54A-C3AF8B534696}.Debug|Setup64.ActiveCfg = Debug|x64
		{DB6527B9-920C-4017-B54A-C3AF8B534696}.Debug|Win32.ActiveCfg = Debug|Win32
		{DB6527B9-920C-4017-B54A-C3AF8B534696}.Debug|Win32.Build.0 = Debug|Win32
		{DB6527B9-920C-4017-B54A-C3AF8B534696}.Debug|x64.ActiveCfg = Debug|x64
		{DB6527B9-920C-4017-B54A-C3AF8B534696}.Debug|x64.Build.0 = Debug|x64
		{DB6527B9-920C-4017-B54A-C3AF8B534696}.Release|Java.ActiveCfg = Release|x64
		{DB6527B9-920C-4017-B54A-C3AF8B534696}.Release|Setup32.ActiveCfg = Release|x64
		{DB6527B9-920C-4017-B54A-C3AF8B534696}.Release|Setup64.ActiveCfg = Release|x64
		{DB6527B9-920C-4017-B54A-C3AF8B534696}.Release|Win32.ActiveCfg = Release|Win32
		{DB6527B9-920C-4017-B54A-C3AF8B534696}.Release|Win32.Build.0 = Release|Win32
		{DB6527B9-920C-4017-B54A-C3AF8B534696}.Release|x64.ActiveCfg = Release|x64
		{DB6527B9-920C-4017-B54A-C3AF8B534696}.Release|x64.Build.0 = Release|x64
		{4D8F7AFA-69F0-4D23-B8BC-4778FBF52ABA}.Debug|Java.ActiveCfg = Debug|x64
		{4D8F7AFA-69F0-4D23-B8BC-4778FBF52ABA}.Debug|Setup32.ActiveCfg = Debug|x64
		{4D8F7AFA-69F0-4D23-B8BC-4778FBF52ABA}.Debug|Setup64.ActiveCfg = Debug|x64
		{4D8F7AFA-69F0-4D23-B8BC-4778FBF52ABA}.Debug|Win32.ActiveCfg = Debug|Win32
		{4D8F7AFA-69F0-4D23-B8BC-4778FBF52ABA}.Debug|Win32.Build.0 = Debug|Win32
		{4D8F7AFA-69F0-4D23-B8BC-4778FBF52ABA}.Debug|x64.ActiveCfg = Debug|x64
		{4D8F7AFA-69F0-4D23-B8BC-4778FBF52ABA}.Debug|x64.Build.0 = Debug|x64
		{4D8F7AFA-69F0-4D23-B8BC-4778FBF52ABA}.Release|Java.ActiveCfg = Release|x64
		{4D8F7AFA-69F0-4D23-B8BC-4778FBF52ABA}.Release|Setup32.ActiveCfg = Release|x64
		{4D8F7AFA-69F0-4D23-B8BC-4778FBF52ABA}.Release|Setup64.ActiveCfg = Release|x64
		{4D8F7AFA-69F0-4D23-B8BC-4778FBF52ABA}.Release|Win32.ActiveCfg = Release|Win32
		{4D8F7AFA-69F0-4D23-B8BC-4778FBF52ABA}.Release|Win32.Build.0 = Release|Win32
		{4D8F7AFA-69F0-4D23-B8BC-4778FBF52ABA}.Release|x64.ActiveCfg = Release|x64
		{4D8F7AFA-69F0-4D23-B8BC-4778FBF52ABA}.Release|x64.Build.0 = Release|x64
		{EDB86082-C257-4799-A4A6-8A18B2CDFB6F}.Debug|Java.ActiveCfg = Debug|Win32
		{EDB86082-C257-4799-A4A6-8A18B2CDFB6F}.Debug|Setup32.ActiveCfg = Debug|Win32
		{EDB86082-C257-4799-A4A6-8A18B2CDFB6F}.Debug|Setup64.ActiveCfg = Debug|Win32
		{EDB86082-C257-4799-A4A6-8A18B2CDFB6F}.Debug|Win32.ActiveCfg = Debug|Win32
		{EDB86082-C257-4799-A4A6-8A18B2CDFB6F}.Debug|Win32.Build.0 = Debug|Win32
		{EDB86082-C257-4799-A4A6-8A18B2CDFB6F}.Debug|x64.ActiveCfg = Debug|Win32
		{EDB86082-C257-4799-A4A6-8A18B2CDFB6F}.Release|Java.ActiveCfg = Release|Win32
		{EDB86082-C257-4799-A4A6-8A18B2CDFB6F}.Release|Setup32.ActiveCfg = Release|Win32
		{EDB86082-C257-4799-A4A6-8A18B2CDFB6F}.Release|Setup64.ActiveCfg = Release|Win32
		{EDB86082-C257-4799-A4A6-8A18B2CDFB6F}.Release|Win32.ActiveCfg = Release|Win32
		{EDB86082-C257-4799-A4A6-8A18B2CDFB6F}.Release|Win32.Build.0 = Release|Win32
		{EDB86082-C257-4799-A4A6-8A18B2CDFB6F}.Release|x64.ActiveCfg = Release|Win32
	EndGlobalSection
	GlobalSection(SolutionProperties) = preSolution
		HideSolutionNode = FALSE
	EndGlobalSection
EndGlobal
