Microsoft Visual Studio Solution File, Format Version 1.00
Project("{66355F20-A65B-11D0-BFB5-00A0C91EBFA0}") = "javaclient", "javaclient.vjp", "{ED5F3E6D-D30F-4843-B71D-E323554DF56C}"
EndProject
Global
	GlobalSection(LocalDeployment) = postSolution
		StartupProject = {ED5F3E6D-D30F-4843-B71D-E323554DF56C}
	EndGlobalSection
	GlobalSection(BuildOrder) = postSolution
		0 = {ED5F3E6D-D30F-4843-B71D-E323554DF56C}
	EndGlobalSection
	GlobalSection(DeploymentRoot) = postSolution
	EndGlobalSection
EndGlobal
