
Microsoft Visual Studio Solution File, Format Version 12.00
# Visual Studio 15
VisualStudioVersion = 15.0.27428.2027
MinimumVisualStudioVersion = 10.0.40219.1
Project("{8BC9CEB8-8B4A-11D0-8D11-00A0C91BC942}") = "MdsObjectsCppShr-VS", "MdsObjectsCppShr-VS.vcxproj", "{01934EF3-34BE-4D80-A72B-25C4C4944323}"
	ProjectSection(ProjectDependencies) = postProject
		{8C309DE2-5674-4394-8C17-4596DE4781CB} = {8C309DE2-5674-4394-8C17-4596DE4781CB}
	EndProjectSection
EndProject
Project("{8BC9CEB8-8B4A-11D0-8D11-00A0C91BC942}") = "VS-importLibs", "VS-importLibs\VS-importLibs.vcxproj", "{8C309DE2-5674-4394-8C17-4596DE4781CB}"
EndProject
Global
	GlobalSection(SolutionConfigurationPlatforms) = preSolution
		Debug|Mixed Platforms = Debug|Mixed Platforms
		Debug|Win32 = Debug|Win32
		Debug|x64 = Debug|x64
		Release|Mixed Platforms = Release|Mixed Platforms
		Release|Win32 = Release|Win32
		Release|x64 = Release|x64
	EndGlobalSection
	GlobalSection(ProjectConfigurationPlatforms) = postSolution
		{01934EF3-34BE-4D80-A72B-25C4C4944323}.Debug|Mixed Platforms.ActiveCfg = Debug|Win32
		{01934EF3-34BE-4D80-A72B-25C4C4944323}.Debug|Mixed Platforms.Build.0 = Debug|Win32
		{01934EF3-34BE-4D80-A72B-25C4C4944323}.Debug|Win32.ActiveCfg = Debug|Win32
		{01934EF3-34BE-4D80-A72B-25C4C4944323}.Debug|Win32.Build.0 = Debug|Win32
		{01934EF3-34BE-4D80-A72B-25C4C4944323}.Debug|x64.ActiveCfg = Debug|x64
		{01934EF3-34BE-4D80-A72B-25C4C4944323}.Debug|x64.Build.0 = Debug|x64
		{01934EF3-34BE-4D80-A72B-25C4C4944323}.Release|Mixed Platforms.ActiveCfg = Release|Win32
		{01934EF3-34BE-4D80-A72B-25C4C4944323}.Release|Mixed Platforms.Build.0 = Release|Win32
		{01934EF3-34BE-4D80-A72B-25C4C4944323}.Release|Win32.ActiveCfg = Release|Win32
		{01934EF3-34BE-4D80-A72B-25C4C4944323}.Release|Win32.Build.0 = Release|Win32
		{01934EF3-34BE-4D80-A72B-25C4C4944323}.Release|x64.ActiveCfg = Release|x64
		{01934EF3-34BE-4D80-A72B-25C4C4944323}.Release|x64.Build.0 = Release|x64
		{8C309DE2-5674-4394-8C17-4596DE4781CB}.Debug|Mixed Platforms.ActiveCfg = Debug|Win32
		{8C309DE2-5674-4394-8C17-4596DE4781CB}.Debug|Mixed Platforms.Build.0 = Debug|Win32
		{8C309DE2-5674-4394-8C17-4596DE4781CB}.Debug|Win32.ActiveCfg = Debug|Win32
		{8C309DE2-5674-4394-8C17-4596DE4781CB}.Debug|Win32.Build.0 = Debug|Win32
		{8C309DE2-5674-4394-8C17-4596DE4781CB}.Debug|x64.ActiveCfg = Debug|Win32
		{8C309DE2-5674-4394-8C17-4596DE4781CB}.Release|Mixed Platforms.ActiveCfg = Release|Win32
		{8C309DE2-5674-4394-8C17-4596DE4781CB}.Release|Mixed Platforms.Build.0 = Release|Win32
		{8C309DE2-5674-4394-8C17-4596DE4781CB}.Release|Win32.ActiveCfg = Release|Win32
		{8C309DE2-5674-4394-8C17-4596DE4781CB}.Release|Win32.Build.0 = Release|Win32
		{8C309DE2-5674-4394-8C17-4596DE4781CB}.Release|x64.ActiveCfg = Release|x64
		{8C309DE2-5674-4394-8C17-4596DE4781CB}.Release|x64.Build.0 = Release|x64
	EndGlobalSection
	GlobalSection(SolutionProperties) = preSolution
		HideSolutionNode = FALSE
	EndGlobalSection
	GlobalSection(ExtensibilityGlobals) = postSolution
		SolutionGuid = {709330C6-61FD-4409-82B5-C88A05F05981}
	EndGlobalSection
EndGlobal
